// !$*UTF8*$!
{
	archiveVersion = 1;
	classes = {
	};
	objectVersion = 46;
	objects = {

/* Begin PBXBuildFile section */
		3C35E85B14F0DAB300F3CC46 /* SigninViewController.m in Sources */ = {isa = PBXBuildFile; fileRef = 3C35E85A14F0DAB300F3CC46 /* SigninViewController.m */; };
		3C476D3314DB42C500DBD043 /* UIKit.framework in Frameworks */ = {isa = PBXBuildFile; fileRef = 3C476D3214DB42C500DBD043 /* UIKit.framework */; };
		3C476D3514DB42C500DBD043 /* Foundation.framework in Frameworks */ = {isa = PBXBuildFile; fileRef = 3C476D3414DB42C500DBD043 /* Foundation.framework */; };
		3C476D3714DB42C500DBD043 /* CoreGraphics.framework in Frameworks */ = {isa = PBXBuildFile; fileRef = 3C476D3614DB42C500DBD043 /* CoreGraphics.framework */; };
		3C476D3D14DB42C500DBD043 /* InfoPlist.strings in Resources */ = {isa = PBXBuildFile; fileRef = 3C476D3B14DB42C500DBD043 /* InfoPlist.strings */; };
		3C476D3F14DB42C600DBD043 /* main.m in Sources */ = {isa = PBXBuildFile; fileRef = 3C476D3E14DB42C600DBD043 /* main.m */; };
		3C476D4314DB42C600DBD043 /* AppDelegate.m in Sources */ = {isa = PBXBuildFile; fileRef = 3C476D4214DB42C600DBD043 /* AppDelegate.m */; };
		3C476D4B14DB42C600DBD043 /* SenTestingKit.framework in Frameworks */ = {isa = PBXBuildFile; fileRef = 3C476D4A14DB42C600DBD043 /* SenTestingKit.framework */; };
		3C476D4C14DB42C600DBD043 /* UIKit.framework in Frameworks */ = {isa = PBXBuildFile; fileRef = 3C476D3214DB42C500DBD043 /* UIKit.framework */; };
		3C476D4D14DB42C600DBD043 /* Foundation.framework in Frameworks */ = {isa = PBXBuildFile; fileRef = 3C476D3414DB42C500DBD043 /* Foundation.framework */; };
		3C476D5514DB42C600DBD043 /* InfoPlist.strings in Resources */ = {isa = PBXBuildFile; fileRef = 3C476D5314DB42C600DBD043 /* InfoPlist.strings */; };
		3C476D5814DB42C600DBD043 /* HermesTests.m in Sources */ = {isa = PBXBuildFile; fileRef = 3C476D5714DB42C600DBD043 /* HermesTests.m */; };
		3C476D7514DB463400DBD043 /* RootViewController.m in Sources */ = {isa = PBXBuildFile; fileRef = 3C476D7414DB463400DBD043 /* RootViewController.m */; };
		3C476D9A14DB4D2600DBD043 /* history.png in Resources */ = {isa = PBXBuildFile; fileRef = 3C476D9614DB4D2600DBD043 /* history.png */; };
		3C476D9B14DB4D2600DBD043 /* localDeals.png in Resources */ = {isa = PBXBuildFile; fileRef = 3C476D9714DB4D2600DBD043 /* localDeals.png */; };
		3C476D9C14DB4D2600DBD043 /* pendingTransactions.png in Resources */ = {isa = PBXBuildFile; fileRef = 3C476D9814DB4D2600DBD043 /* pendingTransactions.png */; };
		3C476D9D14DB4D2600DBD043 /* sendMoney.png in Resources */ = {isa = PBXBuildFile; fileRef = 3C476D9914DB4D2600DBD043 /* sendMoney.png */; };
		3C476DA114DB508200DBD043 /* SendMoneyViewController.m in Sources */ = {isa = PBXBuildFile; fileRef = 3C476D9F14DB508100DBD043 /* SendMoneyViewController.m */; };
		3C476DA614DB515700DBD043 /* TransactionsViewController.m in Sources */ = {isa = PBXBuildFile; fileRef = 3C476DA414DB515700DBD043 /* TransactionsViewController.m */; };
		3C476DAB14DB521200DBD043 /* HistoryViewController.m in Sources */ = {isa = PBXBuildFile; fileRef = 3C476DA914DB521200DBD043 /* HistoryViewController.m */; };
		3C476DB014DB524400DBD043 /* LocalViewController.m in Sources */ = {isa = PBXBuildFile; fileRef = 3C476DAE14DB524400DBD043 /* LocalViewController.m */; };
		3C70126A14EC6100004BE21D /* AVFoundation.framework in Frameworks */ = {isa = PBXBuildFile; fileRef = 3C70126914EC6100004BE21D /* AVFoundation.framework */; settings = {ATTRIBUTES = (Required, ); }; };
		3C70126C14EC6114004BE21D /* CoreMedia.framework in Frameworks */ = {isa = PBXBuildFile; fileRef = 3C70126B14EC6114004BE21D /* CoreMedia.framework */; };
		3C70126E14EC611B004BE21D /* CoreVideo.framework in Frameworks */ = {isa = PBXBuildFile; fileRef = 3C70126D14EC611B004BE21D /* CoreVideo.framework */; };
		3C70127014EC6124004BE21D /* QuartzCore.framework in Frameworks */ = {isa = PBXBuildFile; fileRef = 3C70126F14EC6124004BE21D /* QuartzCore.framework */; };
		3C70127214EC613D004BE21D /* libiconv.dylib in Frameworks */ = {isa = PBXBuildFile; fileRef = 3C70127114EC613D004BE21D /* libiconv.dylib */; };
		3CBFE88514F0B7F200D40D39 /* MainStoryboard.storyboard in Resources */ = {isa = PBXBuildFile; fileRef = 3CBFE88414F0B7F200D40D39 /* MainStoryboard.storyboard */; };
		3CC4900014EEEF1900DA5827 /* AddressBook.framework in Frameworks */ = {isa = PBXBuildFile; fileRef = 3CC48FFE14EEEF1900DA5827 /* AddressBook.framework */; };
		3CC4900114EEEF1900DA5827 /* AddressBookUI.framework in Frameworks */ = {isa = PBXBuildFile; fileRef = 3CC48FFF14EEEF1900DA5827 /* AddressBookUI.framework */; };
		3CFD20B014F4638A0095C145 /* CoreData.framework in Frameworks */ = {isa = PBXBuildFile; fileRef = 3CFD20AF14F4638A0095C145 /* CoreData.framework */; };
		3CFD20B214F463940095C145 /* MobileCoreServices.framework in Frameworks */ = {isa = PBXBuildFile; fileRef = 3CFD20B114F463940095C145 /* MobileCoreServices.framework */; };
		3CFD20B414F4639A0095C145 /* Security.framework in Frameworks */ = {isa = PBXBuildFile; fileRef = 3CFD20B314F4639A0095C145 /* Security.framework */; };
		3CFD20B614F463A20095C145 /* SystemConfiguration.framework in Frameworks */ = {isa = PBXBuildFile; fileRef = 3CFD20B514F463A20095C145 /* SystemConfiguration.framework */; };
		3CFD20B814F463B40095C145 /* libxml2.dylib in Frameworks */ = {isa = PBXBuildFile; fileRef = 3CFD20B714F463B40095C145 /* libxml2.dylib */; };
		3CFD20D714F465E90095C145 /* libzbar.a in Frameworks */ = {isa = PBXBuildFile; fileRef = 3CFD20D114F465E90095C145 /* libzbar.a */; };
		3CFD20D814F465E90095C145 /* zbar-back.png in Resources */ = {isa = PBXBuildFile; fileRef = 3CFD20D314F465E90095C145 /* zbar-back.png */; };
		3CFD20D914F465E90095C145 /* zbar-help.html in Resources */ = {isa = PBXBuildFile; fileRef = 3CFD20D414F465E90095C145 /* zbar-help.html */; };
		3CFD20DA14F465E90095C145 /* zbar-helpicons.png in Resources */ = {isa = PBXBuildFile; fileRef = 3CFD20D514F465E90095C145 /* zbar-helpicons.png */; };
		3CFD20DB14F465E90095C145 /* zbar-samples.png in Resources */ = {isa = PBXBuildFile; fileRef = 3CFD20D614F465E90095C145 /* zbar-samples.png */; };
		3CFD20E014F468A30095C145 /* CFNetwork.framework in Frameworks */ = {isa = PBXBuildFile; fileRef = 3CFD20DF14F468A20095C145 /* CFNetwork.framework */; };
		3CFD212214F46CBF0095C145 /* libRestKit.a in Frameworks */ = {isa = PBXBuildFile; fileRef = 3CFD211914F46CA40095C145 /* libRestKit.a */; };
/* End PBXBuildFile section */

/* Begin PBXContainerItemProxy section */
		3C476D4E14DB42C600DBD043 /* PBXContainerItemProxy */ = {
			isa = PBXContainerItemProxy;
			containerPortal = 3C476D2514DB42C500DBD043 /* Project object */;
			proxyType = 1;
			remoteGlobalIDString = 3C476D2D14DB42C500DBD043;
			remoteInfo = Hermes;
		};
		3CFD211814F46CA40095C145 /* PBXContainerItemProxy */ = {
			isa = PBXContainerItemProxy;
			containerPortal = 3CFD210E14F46CA40095C145 /* RestKit.xcodeproj */;
			proxyType = 2;
			remoteGlobalIDString = 25160D1614564E810060A5C5;
			remoteInfo = RestKit;
		};
		3CFD211A14F46CA40095C145 /* PBXContainerItemProxy */ = {
			isa = PBXContainerItemProxy;
			containerPortal = 3CFD210E14F46CA40095C145 /* RestKit.xcodeproj */;
			proxyType = 2;
			remoteGlobalIDString = 25160D2614564E820060A5C5;
			remoteInfo = RestKitTests;
		};
		3CFD211C14F46CA40095C145 /* PBXContainerItemProxy */ = {
			isa = PBXContainerItemProxy;
			containerPortal = 3CFD210E14F46CA40095C145 /* RestKit.xcodeproj */;
			proxyType = 2;
			remoteGlobalIDString = 25160E62145651060060A5C5;
			remoteInfo = RestKitFramework;
		};
		3CFD211E14F46CA40095C145 /* PBXContainerItemProxy */ = {
			isa = PBXContainerItemProxy;
			containerPortal = 3CFD210E14F46CA40095C145 /* RestKit.xcodeproj */;
			proxyType = 2;
			remoteGlobalIDString = 25160E78145651060060A5C5;
			remoteInfo = RestKitFrameworkTests;
		};
		3CFD212014F46CB80095C145 /* PBXContainerItemProxy */ = {
			isa = PBXContainerItemProxy;
			containerPortal = 3CFD210E14F46CA40095C145 /* RestKit.xcodeproj */;
			proxyType = 1;
			remoteGlobalIDString = 25160D1514564E810060A5C5;
			remoteInfo = RestKit;
		};
/* End PBXContainerItemProxy section */

/* Begin PBXFileReference section */
		3C35E85914F0DAB300F3CC46 /* SigninViewController.h */ = {isa = PBXFileReference; fileEncoding = 4; lastKnownFileType = sourcecode.c.h; path = SigninViewController.h; sourceTree = "<group>"; };
		3C35E85A14F0DAB300F3CC46 /* SigninViewController.m */ = {isa = PBXFileReference; fileEncoding = 4; lastKnownFileType = sourcecode.c.objc; path = SigninViewController.m; sourceTree = "<group>"; };
		3C476D2E14DB42C500DBD043 /* Hermes.app */ = {isa = PBXFileReference; explicitFileType = wrapper.application; includeInIndex = 0; path = Hermes.app; sourceTree = BUILT_PRODUCTS_DIR; };
		3C476D3214DB42C500DBD043 /* UIKit.framework */ = {isa = PBXFileReference; lastKnownFileType = wrapper.framework; name = UIKit.framework; path = System/Library/Frameworks/UIKit.framework; sourceTree = SDKROOT; };
		3C476D3414DB42C500DBD043 /* Foundation.framework */ = {isa = PBXFileReference; lastKnownFileType = wrapper.framework; name = Foundation.framework; path = System/Library/Frameworks/Foundation.framework; sourceTree = SDKROOT; };
		3C476D3614DB42C500DBD043 /* CoreGraphics.framework */ = {isa = PBXFileReference; lastKnownFileType = wrapper.framework; name = CoreGraphics.framework; path = System/Library/Frameworks/CoreGraphics.framework; sourceTree = SDKROOT; };
		3C476D3A14DB42C500DBD043 /* Hermes-Info.plist */ = {isa = PBXFileReference; lastKnownFileType = text.plist.xml; path = "Hermes-Info.plist"; sourceTree = "<group>"; };
		3C476D3C14DB42C500DBD043 /* en */ = {isa = PBXFileReference; lastKnownFileType = text.plist.strings; name = en; path = en.lproj/InfoPlist.strings; sourceTree = "<group>"; };
		3C476D3E14DB42C600DBD043 /* main.m */ = {isa = PBXFileReference; lastKnownFileType = sourcecode.c.objc; path = main.m; sourceTree = "<group>"; };
		3C476D4014DB42C600DBD043 /* Hermes-Prefix.pch */ = {isa = PBXFileReference; lastKnownFileType = sourcecode.c.h; path = "Hermes-Prefix.pch"; sourceTree = "<group>"; };
		3C476D4114DB42C600DBD043 /* AppDelegate.h */ = {isa = PBXFileReference; lastKnownFileType = sourcecode.c.h; path = AppDelegate.h; sourceTree = "<group>"; };
		3C476D4214DB42C600DBD043 /* AppDelegate.m */ = {isa = PBXFileReference; lastKnownFileType = sourcecode.c.objc; path = AppDelegate.m; sourceTree = "<group>"; };
		3C476D4914DB42C600DBD043 /* HermesTests.octest */ = {isa = PBXFileReference; explicitFileType = wrapper.cfbundle; includeInIndex = 0; path = HermesTests.octest; sourceTree = BUILT_PRODUCTS_DIR; };
		3C476D4A14DB42C600DBD043 /* SenTestingKit.framework */ = {isa = PBXFileReference; lastKnownFileType = wrapper.framework; name = SenTestingKit.framework; path = Library/Frameworks/SenTestingKit.framework; sourceTree = DEVELOPER_DIR; };
		3C476D5214DB42C600DBD043 /* HermesTests-Info.plist */ = {isa = PBXFileReference; lastKnownFileType = text.plist.xml; path = "HermesTests-Info.plist"; sourceTree = "<group>"; };
		3C476D5414DB42C600DBD043 /* en */ = {isa = PBXFileReference; lastKnownFileType = text.plist.strings; name = en; path = en.lproj/InfoPlist.strings; sourceTree = "<group>"; };
		3C476D5614DB42C600DBD043 /* HermesTests.h */ = {isa = PBXFileReference; lastKnownFileType = sourcecode.c.h; path = HermesTests.h; sourceTree = "<group>"; };
		3C476D5714DB42C600DBD043 /* HermesTests.m */ = {isa = PBXFileReference; lastKnownFileType = sourcecode.c.objc; path = HermesTests.m; sourceTree = "<group>"; };
		3C476D7314DB463400DBD043 /* RootViewController.h */ = {isa = PBXFileReference; fileEncoding = 4; lastKnownFileType = sourcecode.c.h; path = RootViewController.h; sourceTree = "<group>"; };
		3C476D7414DB463400DBD043 /* RootViewController.m */ = {isa = PBXFileReference; fileEncoding = 4; lastKnownFileType = sourcecode.c.objc; path = RootViewController.m; sourceTree = "<group>"; };
		3C476D9614DB4D2600DBD043 /* history.png */ = {isa = PBXFileReference; lastKnownFileType = image.png; path = history.png; sourceTree = "<group>"; };
		3C476D9714DB4D2600DBD043 /* localDeals.png */ = {isa = PBXFileReference; lastKnownFileType = image.png; path = localDeals.png; sourceTree = "<group>"; };
		3C476D9814DB4D2600DBD043 /* pendingTransactions.png */ = {isa = PBXFileReference; lastKnownFileType = image.png; path = pendingTransactions.png; sourceTree = "<group>"; };
		3C476D9914DB4D2600DBD043 /* sendMoney.png */ = {isa = PBXFileReference; lastKnownFileType = image.png; path = sendMoney.png; sourceTree = "<group>"; };
		3C476D9E14DB508100DBD043 /* SendMoneyViewController.h */ = {isa = PBXFileReference; fileEncoding = 4; lastKnownFileType = sourcecode.c.h; path = SendMoneyViewController.h; sourceTree = "<group>"; };
		3C476D9F14DB508100DBD043 /* SendMoneyViewController.m */ = {isa = PBXFileReference; fileEncoding = 4; lastKnownFileType = sourcecode.c.objc; path = SendMoneyViewController.m; sourceTree = "<group>"; };
		3C476DA314DB515700DBD043 /* TransactionsViewController.h */ = {isa = PBXFileReference; fileEncoding = 4; lastKnownFileType = sourcecode.c.h; path = TransactionsViewController.h; sourceTree = "<group>"; };
		3C476DA414DB515700DBD043 /* TransactionsViewController.m */ = {isa = PBXFileReference; fileEncoding = 4; lastKnownFileType = sourcecode.c.objc; path = TransactionsViewController.m; sourceTree = "<group>"; };
		3C476DA814DB521200DBD043 /* HistoryViewController.h */ = {isa = PBXFileReference; fileEncoding = 4; lastKnownFileType = sourcecode.c.h; path = HistoryViewController.h; sourceTree = "<group>"; };
		3C476DA914DB521200DBD043 /* HistoryViewController.m */ = {isa = PBXFileReference; fileEncoding = 4; lastKnownFileType = sourcecode.c.objc; path = HistoryViewController.m; sourceTree = "<group>"; };
		3C476DAD14DB524400DBD043 /* LocalViewController.h */ = {isa = PBXFileReference; fileEncoding = 4; lastKnownFileType = sourcecode.c.h; path = LocalViewController.h; sourceTree = "<group>"; };
		3C476DAE14DB524400DBD043 /* LocalViewController.m */ = {isa = PBXFileReference; fileEncoding = 4; lastKnownFileType = sourcecode.c.objc; path = LocalViewController.m; sourceTree = "<group>"; };
		3C70126914EC6100004BE21D /* AVFoundation.framework */ = {isa = PBXFileReference; lastKnownFileType = wrapper.framework; name = AVFoundation.framework; path = System/Library/Frameworks/AVFoundation.framework; sourceTree = SDKROOT; };
		3C70126B14EC6114004BE21D /* CoreMedia.framework */ = {isa = PBXFileReference; lastKnownFileType = wrapper.framework; name = CoreMedia.framework; path = System/Library/Frameworks/CoreMedia.framework; sourceTree = SDKROOT; };
		3C70126D14EC611B004BE21D /* CoreVideo.framework */ = {isa = PBXFileReference; lastKnownFileType = wrapper.framework; name = CoreVideo.framework; path = System/Library/Frameworks/CoreVideo.framework; sourceTree = SDKROOT; };
		3C70126F14EC6124004BE21D /* QuartzCore.framework */ = {isa = PBXFileReference; lastKnownFileType = wrapper.framework; name = QuartzCore.framework; path = System/Library/Frameworks/QuartzCore.framework; sourceTree = SDKROOT; };
		3C70127114EC613D004BE21D /* libiconv.dylib */ = {isa = PBXFileReference; lastKnownFileType = "compiled.mach-o.dylib"; name = libiconv.dylib; path = usr/lib/libiconv.dylib; sourceTree = SDKROOT; };
		3CBFE88414F0B7F200D40D39 /* MainStoryboard.storyboard */ = {isa = PBXFileReference; fileEncoding = 4; lastKnownFileType = file.storyboard; path = MainStoryboard.storyboard; sourceTree = "<group>"; };
		3CC48FFE14EEEF1900DA5827 /* AddressBook.framework */ = {isa = PBXFileReference; lastKnownFileType = wrapper.framework; name = AddressBook.framework; path = System/Library/Frameworks/AddressBook.framework; sourceTree = SDKROOT; };
		3CC48FFF14EEEF1900DA5827 /* AddressBookUI.framework */ = {isa = PBXFileReference; lastKnownFileType = wrapper.framework; name = AddressBookUI.framework; path = System/Library/Frameworks/AddressBookUI.framework; sourceTree = SDKROOT; };
		3CFD20AF14F4638A0095C145 /* CoreData.framework */ = {isa = PBXFileReference; lastKnownFileType = wrapper.framework; name = CoreData.framework; path = System/Library/Frameworks/CoreData.framework; sourceTree = SDKROOT; };
		3CFD20B114F463940095C145 /* MobileCoreServices.framework */ = {isa = PBXFileReference; lastKnownFileType = wrapper.framework; name = MobileCoreServices.framework; path = System/Library/Frameworks/MobileCoreServices.framework; sourceTree = SDKROOT; };
		3CFD20B314F4639A0095C145 /* Security.framework */ = {isa = PBXFileReference; lastKnownFileType = wrapper.framework; name = Security.framework; path = System/Library/Frameworks/Security.framework; sourceTree = SDKROOT; };
		3CFD20B514F463A20095C145 /* SystemConfiguration.framework */ = {isa = PBXFileReference; lastKnownFileType = wrapper.framework; name = SystemConfiguration.framework; path = System/Library/Frameworks/SystemConfiguration.framework; sourceTree = SDKROOT; };
		3CFD20B714F463B40095C145 /* libxml2.dylib */ = {isa = PBXFileReference; lastKnownFileType = "compiled.mach-o.dylib"; name = libxml2.dylib; path = usr/lib/libxml2.dylib; sourceTree = SDKROOT; };
		3CFD20BD14F465E90095C145 /* Decoder.h */ = {isa = PBXFileReference; fileEncoding = 4; lastKnownFileType = sourcecode.c.h; path = Decoder.h; sourceTree = "<group>"; };
		3CFD20BE14F465E90095C145 /* Exception.h */ = {isa = PBXFileReference; fileEncoding = 4; lastKnownFileType = sourcecode.c.h; path = Exception.h; sourceTree = "<group>"; };
		3CFD20BF14F465E90095C145 /* Image.h */ = {isa = PBXFileReference; fileEncoding = 4; lastKnownFileType = sourcecode.c.h; path = Image.h; sourceTree = "<group>"; };
		3CFD20C014F465E90095C145 /* ImageScanner.h */ = {isa = PBXFileReference; fileEncoding = 4; lastKnownFileType = sourcecode.c.h; path = ImageScanner.h; sourceTree = "<group>"; };
		3CFD20C114F465E90095C145 /* Processor.h */ = {isa = PBXFileReference; fileEncoding = 4; lastKnownFileType = sourcecode.c.h; path = Processor.h; sourceTree = "<group>"; };
		3CFD20C214F465E90095C145 /* Scanner.h */ = {isa = PBXFileReference; fileEncoding = 4; lastKnownFileType = sourcecode.c.h; path = Scanner.h; sourceTree = "<group>"; };
		3CFD20C314F465E90095C145 /* Symbol.h */ = {isa = PBXFileReference; fileEncoding = 4; lastKnownFileType = sourcecode.c.h; path = Symbol.h; sourceTree = "<group>"; };
		3CFD20C414F465E90095C145 /* Video.h */ = {isa = PBXFileReference; fileEncoding = 4; lastKnownFileType = sourcecode.c.h; path = Video.h; sourceTree = "<group>"; };
		3CFD20C514F465E90095C145 /* Window.h */ = {isa = PBXFileReference; fileEncoding = 4; lastKnownFileType = sourcecode.c.h; path = Window.h; sourceTree = "<group>"; };
		3CFD20C614F465E90095C145 /* zbar.h */ = {isa = PBXFileReference; fileEncoding = 4; lastKnownFileType = sourcecode.c.h; path = zbar.h; sourceTree = "<group>"; };
		3CFD20C714F465E90095C145 /* ZBarCameraSimulator.h */ = {isa = PBXFileReference; fileEncoding = 4; lastKnownFileType = sourcecode.c.h; path = ZBarCameraSimulator.h; sourceTree = "<group>"; };
		3CFD20C814F465E90095C145 /* ZBarCaptureReader.h */ = {isa = PBXFileReference; fileEncoding = 4; lastKnownFileType = sourcecode.c.h; path = ZBarCaptureReader.h; sourceTree = "<group>"; };
		3CFD20C914F465E90095C145 /* ZBarHelpController.h */ = {isa = PBXFileReference; fileEncoding = 4; lastKnownFileType = sourcecode.c.h; path = ZBarHelpController.h; sourceTree = "<group>"; };
		3CFD20CA14F465E90095C145 /* ZBarImage.h */ = {isa = PBXFileReference; fileEncoding = 4; lastKnownFileType = sourcecode.c.h; path = ZBarImage.h; sourceTree = "<group>"; };
		3CFD20CB14F465E90095C145 /* ZBarImageScanner.h */ = {isa = PBXFileReference; fileEncoding = 4; lastKnownFileType = sourcecode.c.h; path = ZBarImageScanner.h; sourceTree = "<group>"; };
		3CFD20CC14F465E90095C145 /* ZBarReaderController.h */ = {isa = PBXFileReference; fileEncoding = 4; lastKnownFileType = sourcecode.c.h; path = ZBarReaderController.h; sourceTree = "<group>"; };
		3CFD20CD14F465E90095C145 /* ZBarReaderView.h */ = {isa = PBXFileReference; fileEncoding = 4; lastKnownFileType = sourcecode.c.h; path = ZBarReaderView.h; sourceTree = "<group>"; };
		3CFD20CE14F465E90095C145 /* ZBarReaderViewController.h */ = {isa = PBXFileReference; fileEncoding = 4; lastKnownFileType = sourcecode.c.h; path = ZBarReaderViewController.h; sourceTree = "<group>"; };
		3CFD20CF14F465E90095C145 /* ZBarSDK.h */ = {isa = PBXFileReference; fileEncoding = 4; lastKnownFileType = sourcecode.c.h; path = ZBarSDK.h; sourceTree = "<group>"; };
		3CFD20D014F465E90095C145 /* ZBarSymbol.h */ = {isa = PBXFileReference; fileEncoding = 4; lastKnownFileType = sourcecode.c.h; path = ZBarSymbol.h; sourceTree = "<group>"; };
		3CFD20D114F465E90095C145 /* libzbar.a */ = {isa = PBXFileReference; lastKnownFileType = archive.ar; path = libzbar.a; sourceTree = "<group>"; };
		3CFD20D314F465E90095C145 /* zbar-back.png */ = {isa = PBXFileReference; lastKnownFileType = image.png; path = "zbar-back.png"; sourceTree = "<group>"; };
		3CFD20D414F465E90095C145 /* zbar-help.html */ = {isa = PBXFileReference; fileEncoding = 4; lastKnownFileType = text.html; path = "zbar-help.html"; sourceTree = "<group>"; };
		3CFD20D514F465E90095C145 /* zbar-helpicons.png */ = {isa = PBXFileReference; lastKnownFileType = image.png; path = "zbar-helpicons.png"; sourceTree = "<group>"; };
		3CFD20D614F465E90095C145 /* zbar-samples.png */ = {isa = PBXFileReference; lastKnownFileType = image.png; path = "zbar-samples.png"; sourceTree = "<group>"; };
		3CFD20DF14F468A20095C145 /* CFNetwork.framework */ = {isa = PBXFileReference; lastKnownFileType = wrapper.framework; name = CFNetwork.framework; path = System/Library/Frameworks/CFNetwork.framework; sourceTree = SDKROOT; };
		3CFD210E14F46CA40095C145 /* RestKit.xcodeproj */ = {isa = PBXFileReference; lastKnownFileType = "wrapper.pb-project"; name = RestKit.xcodeproj; path = RestKit/RestKit.xcodeproj; sourceTree = "<group>"; };
/* End PBXFileReference section */

/* Begin PBXFrameworksBuildPhase section */
		3C476D2B14DB42C500DBD043 /* Frameworks */ = {
			isa = PBXFrameworksBuildPhase;
			buildActionMask = 2147483647;
			files = (
				3CFD212214F46CBF0095C145 /* libRestKit.a in Frameworks */,
				3CFD20E014F468A30095C145 /* CFNetwork.framework in Frameworks */,
				3CFD20B814F463B40095C145 /* libxml2.dylib in Frameworks */,
				3C70127014EC6124004BE21D /* QuartzCore.framework in Frameworks */,
				3CFD20B614F463A20095C145 /* SystemConfiguration.framework in Frameworks */,
				3CFD20B414F4639A0095C145 /* Security.framework in Frameworks */,
				3CFD20B214F463940095C145 /* MobileCoreServices.framework in Frameworks */,
				3CFD20B014F4638A0095C145 /* CoreData.framework in Frameworks */,
				3CC4900014EEEF1900DA5827 /* AddressBook.framework in Frameworks */,
				3CC4900114EEEF1900DA5827 /* AddressBookUI.framework in Frameworks */,
				3C70127214EC613D004BE21D /* libiconv.dylib in Frameworks */,
				3C70126E14EC611B004BE21D /* CoreVideo.framework in Frameworks */,
				3C70126C14EC6114004BE21D /* CoreMedia.framework in Frameworks */,
				3C70126A14EC6100004BE21D /* AVFoundation.framework in Frameworks */,
				3C476D3314DB42C500DBD043 /* UIKit.framework in Frameworks */,
				3C476D3514DB42C500DBD043 /* Foundation.framework in Frameworks */,
				3C476D3714DB42C500DBD043 /* CoreGraphics.framework in Frameworks */,
				3CFD20D714F465E90095C145 /* libzbar.a in Frameworks */,
			);
			runOnlyForDeploymentPostprocessing = 0;
		};
		3C476D4514DB42C600DBD043 /* Frameworks */ = {
			isa = PBXFrameworksBuildPhase;
			buildActionMask = 2147483647;
			files = (
				3C476D4B14DB42C600DBD043 /* SenTestingKit.framework in Frameworks */,
				3C476D4C14DB42C600DBD043 /* UIKit.framework in Frameworks */,
				3C476D4D14DB42C600DBD043 /* Foundation.framework in Frameworks */,
			);
			runOnlyForDeploymentPostprocessing = 0;
		};
/* End PBXFrameworksBuildPhase section */

/* Begin PBXGroup section */
		3C476D2314DB42C500DBD043 = {
			isa = PBXGroup;
			children = (
				3CFD210E14F46CA40095C145 /* RestKit.xcodeproj */,
				3C476D9514DB4D2600DBD043 /* Icons */,
				3C476D3814DB42C500DBD043 /* Hermes */,
				3C476D5014DB42C600DBD043 /* HermesTests */,
				3C476D3114DB42C500DBD043 /* Frameworks */,
				3C476D2F14DB42C500DBD043 /* Products */,
			);
			sourceTree = "<group>";
		};
		3C476D2F14DB42C500DBD043 /* Products */ = {
			isa = PBXGroup;
			children = (
				3C476D2E14DB42C500DBD043 /* Hermes.app */,
				3C476D4914DB42C600DBD043 /* HermesTests.octest */,
			);
			name = Products;
			sourceTree = "<group>";
		};
		3C476D3114DB42C500DBD043 /* Frameworks */ = {
			isa = PBXGroup;
			children = (
				3CFD20AF14F4638A0095C145 /* CoreData.framework */,
				3CFD20DF14F468A20095C145 /* CFNetwork.framework */,
				3CFD20B914F465E90095C145 /* ZBarSDK */,
				3CFD20B714F463B40095C145 /* libxml2.dylib */,
				3C70127114EC613D004BE21D /* libiconv.dylib */,
				3CC48FFE14EEEF1900DA5827 /* AddressBook.framework */,
				3CC48FFF14EEEF1900DA5827 /* AddressBookUI.framework */,
				3C70126F14EC6124004BE21D /* QuartzCore.framework */,
				3C70126D14EC611B004BE21D /* CoreVideo.framework */,
				3C70126B14EC6114004BE21D /* CoreMedia.framework */,
				3C70126914EC6100004BE21D /* AVFoundation.framework */,
				3CFD20B514F463A20095C145 /* SystemConfiguration.framework */,
				3CFD20B314F4639A0095C145 /* Security.framework */,
				3CFD20B114F463940095C145 /* MobileCoreServices.framework */,
				3C476D3214DB42C500DBD043 /* UIKit.framework */,
				3C476D3414DB42C500DBD043 /* Foundation.framework */,
				3C476D3614DB42C500DBD043 /* CoreGraphics.framework */,
				3C476D4A14DB42C600DBD043 /* SenTestingKit.framework */,
			);
			name = Frameworks;
			sourceTree = "<group>";
		};
		3C476D3814DB42C500DBD043 /* Hermes */ = {
			isa = PBXGroup;
			children = (
				3CBFE88414F0B7F200D40D39 /* MainStoryboard.storyboard */,
				3C35E85914F0DAB300F3CC46 /* SigninViewController.h */,
				3C35E85A14F0DAB300F3CC46 /* SigninViewController.m */,
				3C476D4114DB42C600DBD043 /* AppDelegate.h */,
				3C476D4214DB42C600DBD043 /* AppDelegate.m */,
				3C476D7314DB463400DBD043 /* RootViewController.h */,
				3C476D7414DB463400DBD043 /* RootViewController.m */,
				3C476D9E14DB508100DBD043 /* SendMoneyViewController.h */,
				3C476D9F14DB508100DBD043 /* SendMoneyViewController.m */,
				3C476DA314DB515700DBD043 /* TransactionsViewController.h */,
				3C476DA414DB515700DBD043 /* TransactionsViewController.m */,
				3C476DA814DB521200DBD043 /* HistoryViewController.h */,
				3C476DA914DB521200DBD043 /* HistoryViewController.m */,
				3C476DAD14DB524400DBD043 /* LocalViewController.h */,
				3C476DAE14DB524400DBD043 /* LocalViewController.m */,
				3C476D3914DB42C500DBD043 /* Supporting Files */,
			);
			path = Hermes;
			sourceTree = "<group>";
		};
		3C476D3914DB42C500DBD043 /* Supporting Files */ = {
			isa = PBXGroup;
			children = (
				3C476D3A14DB42C500DBD043 /* Hermes-Info.plist */,
				3C476D3B14DB42C500DBD043 /* InfoPlist.strings */,
				3C476D3E14DB42C600DBD043 /* main.m */,
				3C476D4014DB42C600DBD043 /* Hermes-Prefix.pch */,
			);
			name = "Supporting Files";
			sourceTree = "<group>";
		};
		3C476D5014DB42C600DBD043 /* HermesTests */ = {
			isa = PBXGroup;
			children = (
				3C476D5614DB42C600DBD043 /* HermesTests.h */,
				3C476D5714DB42C600DBD043 /* HermesTests.m */,
				3C476D5114DB42C600DBD043 /* Supporting Files */,
			);
			path = HermesTests;
			sourceTree = "<group>";
		};
		3C476D5114DB42C600DBD043 /* Supporting Files */ = {
			isa = PBXGroup;
			children = (
				3C476D5214DB42C600DBD043 /* HermesTests-Info.plist */,
				3C476D5314DB42C600DBD043 /* InfoPlist.strings */,
			);
			name = "Supporting Files";
			sourceTree = "<group>";
		};
		3C476D9514DB4D2600DBD043 /* Icons */ = {
			isa = PBXGroup;
			children = (
				3C476D9614DB4D2600DBD043 /* history.png */,
				3C476D9714DB4D2600DBD043 /* localDeals.png */,
				3C476D9814DB4D2600DBD043 /* pendingTransactions.png */,
				3C476D9914DB4D2600DBD043 /* sendMoney.png */,
			);
			name = Icons;
			path = Hermes/Icons;
			sourceTree = "<group>";
		};
		3CFD20B914F465E90095C145 /* ZBarSDK */ = {
			isa = PBXGroup;
			children = (
				3CFD20BA14F465E90095C145 /* Headers */,
				3CFD20D114F465E90095C145 /* libzbar.a */,
				3CFD20D214F465E90095C145 /* Resources */,
			);
			path = ZBarSDK;
			sourceTree = "<group>";
		};
		3CFD20BA14F465E90095C145 /* Headers */ = {
			isa = PBXGroup;
			children = (
				3CFD20BB14F465E90095C145 /* ZBarSDK */,
			);
			path = Headers;
			sourceTree = "<group>";
		};
		3CFD20BB14F465E90095C145 /* ZBarSDK */ = {
			isa = PBXGroup;
			children = (
				3CFD20BC14F465E90095C145 /* zbar */,
				3CFD20C614F465E90095C145 /* zbar.h */,
				3CFD20C714F465E90095C145 /* ZBarCameraSimulator.h */,
				3CFD20C814F465E90095C145 /* ZBarCaptureReader.h */,
				3CFD20C914F465E90095C145 /* ZBarHelpController.h */,
				3CFD20CA14F465E90095C145 /* ZBarImage.h */,
				3CFD20CB14F465E90095C145 /* ZBarImageScanner.h */,
				3CFD20CC14F465E90095C145 /* ZBarReaderController.h */,
				3CFD20CD14F465E90095C145 /* ZBarReaderView.h */,
				3CFD20CE14F465E90095C145 /* ZBarReaderViewController.h */,
				3CFD20CF14F465E90095C145 /* ZBarSDK.h */,
				3CFD20D014F465E90095C145 /* ZBarSymbol.h */,
			);
			path = ZBarSDK;
			sourceTree = "<group>";
		};
		3CFD20BC14F465E90095C145 /* zbar */ = {
			isa = PBXGroup;
			children = (
				3CFD20BD14F465E90095C145 /* Decoder.h */,
				3CFD20BE14F465E90095C145 /* Exception.h */,
				3CFD20BF14F465E90095C145 /* Image.h */,
				3CFD20C014F465E90095C145 /* ImageScanner.h */,
				3CFD20C114F465E90095C145 /* Processor.h */,
				3CFD20C214F465E90095C145 /* Scanner.h */,
				3CFD20C314F465E90095C145 /* Symbol.h */,
				3CFD20C414F465E90095C145 /* Video.h */,
				3CFD20C514F465E90095C145 /* Window.h */,
			);
			path = zbar;
			sourceTree = "<group>";
		};
		3CFD20D214F465E90095C145 /* Resources */ = {
			isa = PBXGroup;
			children = (
				3CFD20D314F465E90095C145 /* zbar-back.png */,
				3CFD20D414F465E90095C145 /* zbar-help.html */,
				3CFD20D514F465E90095C145 /* zbar-helpicons.png */,
				3CFD20D614F465E90095C145 /* zbar-samples.png */,
			);
			path = Resources;
			sourceTree = "<group>";
		};
		3CFD210F14F46CA40095C145 /* Products */ = {
			isa = PBXGroup;
			children = (
				3CFD211914F46CA40095C145 /* libRestKit.a */,
				3CFD211B14F46CA40095C145 /* RestKitTests.octest */,
				3CFD211D14F46CA40095C145 /* RestKit.framework */,
				3CFD211F14F46CA40095C145 /* RestKitFrameworkTests.octest */,
			);
			name = Products;
			sourceTree = "<group>";
		};
/* End PBXGroup section */

/* Begin PBXNativeTarget section */
		3C476D2D14DB42C500DBD043 /* Hermes */ = {
			isa = PBXNativeTarget;
			buildConfigurationList = 3C476D5B14DB42C600DBD043 /* Build configuration list for PBXNativeTarget "Hermes" */;
			buildPhases = (
				3C476D2A14DB42C500DBD043 /* Sources */,
				3C476D2B14DB42C500DBD043 /* Frameworks */,
				3C476D2C14DB42C500DBD043 /* Resources */,
			);
			buildRules = (
			);
			dependencies = (
				3CFD212114F46CB80095C145 /* PBXTargetDependency */,
			);
			name = Hermes;
			productName = Hermes;
			productReference = 3C476D2E14DB42C500DBD043 /* Hermes.app */;
			productType = "com.apple.product-type.application";
		};
		3C476D4814DB42C600DBD043 /* HermesTests */ = {
			isa = PBXNativeTarget;
			buildConfigurationList = 3C476D5E14DB42C600DBD043 /* Build configuration list for PBXNativeTarget "HermesTests" */;
			buildPhases = (
				3C476D4414DB42C600DBD043 /* Sources */,
				3C476D4514DB42C600DBD043 /* Frameworks */,
				3C476D4614DB42C600DBD043 /* Resources */,
				3C476D4714DB42C600DBD043 /* ShellScript */,
			);
			buildRules = (
			);
			dependencies = (
				3C476D4F14DB42C600DBD043 /* PBXTargetDependency */,
			);
			name = HermesTests;
			productName = HermesTests;
			productReference = 3C476D4914DB42C600DBD043 /* HermesTests.octest */;
			productType = "com.apple.product-type.bundle";
		};
/* End PBXNativeTarget section */

/* Begin PBXProject section */
		3C476D2514DB42C500DBD043 /* Project object */ = {
			isa = PBXProject;
			attributes = {
				LastUpgradeCheck = 0440;
				ORGANIZATIONNAME = "Northern Arizona University";
			};
			buildConfigurationList = 3C476D2814DB42C500DBD043 /* Build configuration list for PBXProject "Hermes" */;
			compatibilityVersion = "Xcode 3.2";
			developmentRegion = English;
			hasScannedForEncodings = 0;
			knownRegions = (
				en,
			);
			mainGroup = 3C476D2314DB42C500DBD043;
			productRefGroup = 3C476D2F14DB42C500DBD043 /* Products */;
			projectDirPath = "";
			projectReferences = (
				{
					ProductGroup = 3CFD210F14F46CA40095C145 /* Products */;
					ProjectRef = 3CFD210E14F46CA40095C145 /* RestKit.xcodeproj */;
				},
			);
			projectRoot = "";
			targets = (
				3C476D2D14DB42C500DBD043 /* Hermes */,
				3C476D4814DB42C600DBD043 /* HermesTests */,
			);
		};
/* End PBXProject section */

/* Begin PBXReferenceProxy section */
		3CFD211914F46CA40095C145 /* libRestKit.a */ = {
			isa = PBXReferenceProxy;
			fileType = archive.ar;
			path = libRestKit.a;
			remoteRef = 3CFD211814F46CA40095C145 /* PBXContainerItemProxy */;
			sourceTree = BUILT_PRODUCTS_DIR;
		};
		3CFD211B14F46CA40095C145 /* RestKitTests.octest */ = {
			isa = PBXReferenceProxy;
			fileType = wrapper.cfbundle;
			path = RestKitTests.octest;
			remoteRef = 3CFD211A14F46CA40095C145 /* PBXContainerItemProxy */;
			sourceTree = BUILT_PRODUCTS_DIR;
		};
		3CFD211D14F46CA40095C145 /* RestKit.framework */ = {
			isa = PBXReferenceProxy;
			fileType = wrapper.framework;
			path = RestKit.framework;
			remoteRef = 3CFD211C14F46CA40095C145 /* PBXContainerItemProxy */;
			sourceTree = BUILT_PRODUCTS_DIR;
		};
		3CFD211F14F46CA40095C145 /* RestKitFrameworkTests.octest */ = {
			isa = PBXReferenceProxy;
			fileType = wrapper.cfbundle;
			path = RestKitFrameworkTests.octest;
			remoteRef = 3CFD211E14F46CA40095C145 /* PBXContainerItemProxy */;
			sourceTree = BUILT_PRODUCTS_DIR;
		};
/* End PBXReferenceProxy section */

/* Begin PBXResourcesBuildPhase section */
		3C476D2C14DB42C500DBD043 /* Resources */ = {
			isa = PBXResourcesBuildPhase;
			buildActionMask = 2147483647;
			files = (
				3C476D3D14DB42C500DBD043 /* InfoPlist.strings in Resources */,
				3C476D9A14DB4D2600DBD043 /* history.png in Resources */,
				3C476D9B14DB4D2600DBD043 /* localDeals.png in Resources */,
				3C476D9C14DB4D2600DBD043 /* pendingTransactions.png in Resources */,
				3C476D9D14DB4D2600DBD043 /* sendMoney.png in Resources */,
				3CBFE88514F0B7F200D40D39 /* MainStoryboard.storyboard in Resources */,
				3CFD20D814F465E90095C145 /* zbar-back.png in Resources */,
				3CFD20D914F465E90095C145 /* zbar-help.html in Resources */,
				3CFD20DA14F465E90095C145 /* zbar-helpicons.png in Resources */,
				3CFD20DB14F465E90095C145 /* zbar-samples.png in Resources */,
			);
			runOnlyForDeploymentPostprocessing = 0;
		};
		3C476D4614DB42C600DBD043 /* Resources */ = {
			isa = PBXResourcesBuildPhase;
			buildActionMask = 2147483647;
			files = (
				3C476D5514DB42C600DBD043 /* InfoPlist.strings in Resources */,
			);
			runOnlyForDeploymentPostprocessing = 0;
		};
/* End PBXResourcesBuildPhase section */

/* Begin PBXShellScriptBuildPhase section */
		3C476D4714DB42C600DBD043 /* ShellScript */ = {
			isa = PBXShellScriptBuildPhase;
			buildActionMask = 2147483647;
			files = (
			);
			inputPaths = (
			);
			outputPaths = (
			);
			runOnlyForDeploymentPostprocessing = 0;
			shellPath = /bin/sh;
			shellScript = "# Run the unit tests in this test bundle.\n\"${SYSTEM_DEVELOPER_DIR}/Tools/RunUnitTests\"\n";
		};
/* End PBXShellScriptBuildPhase section */

/* Begin PBXSourcesBuildPhase section */
		3C476D2A14DB42C500DBD043 /* Sources */ = {
			isa = PBXSourcesBuildPhase;
			buildActionMask = 2147483647;
			files = (
				3C476D3F14DB42C600DBD043 /* main.m in Sources */,
				3C476D4314DB42C600DBD043 /* AppDelegate.m in Sources */,
				3C476D7514DB463400DBD043 /* RootViewController.m in Sources */,
				3C476DA114DB508200DBD043 /* SendMoneyViewController.m in Sources */,
				3C476DA614DB515700DBD043 /* TransactionsViewController.m in Sources */,
				3C476DAB14DB521200DBD043 /* HistoryViewController.m in Sources */,
				3C476DB014DB524400DBD043 /* LocalViewController.m in Sources */,
				3C35E85B14F0DAB300F3CC46 /* SigninViewController.m in Sources */,
			);
			runOnlyForDeploymentPostprocessing = 0;
		};
		3C476D4414DB42C600DBD043 /* Sources */ = {
			isa = PBXSourcesBuildPhase;
			buildActionMask = 2147483647;
			files = (
				3C476D5814DB42C600DBD043 /* HermesTests.m in Sources */,
			);
			runOnlyForDeploymentPostprocessing = 0;
		};
/* End PBXSourcesBuildPhase section */

/* Begin PBXTargetDependency section */
		3C476D4F14DB42C600DBD043 /* PBXTargetDependency */ = {
			isa = PBXTargetDependency;
			target = 3C476D2D14DB42C500DBD043 /* Hermes */;
			targetProxy = 3C476D4E14DB42C600DBD043 /* PBXContainerItemProxy */;
		};
		3CFD212114F46CB80095C145 /* PBXTargetDependency */ = {
			isa = PBXTargetDependency;
			name = RestKit;
			targetProxy = 3CFD212014F46CB80095C145 /* PBXContainerItemProxy */;
		};
/* End PBXTargetDependency section */

/* Begin PBXVariantGroup section */
		3C476D3B14DB42C500DBD043 /* InfoPlist.strings */ = {
			isa = PBXVariantGroup;
			children = (
				3C476D3C14DB42C500DBD043 /* en */,
			);
			name = InfoPlist.strings;
			sourceTree = "<group>";
		};
		3C476D5314DB42C600DBD043 /* InfoPlist.strings */ = {
			isa = PBXVariantGroup;
			children = (
				3C476D5414DB42C600DBD043 /* en */,
			);
			name = InfoPlist.strings;
			sourceTree = "<group>";
		};
/* End PBXVariantGroup section */

/* Begin XCBuildConfiguration section */
		3C476D5914DB42C600DBD043 /* Debug */ = {
			isa = XCBuildConfiguration;
			buildSettings = {
				ALWAYS_SEARCH_USER_PATHS = NO;
				ARCHS = "$(ARCHS_STANDARD_32_BIT)";
				CLANG_ENABLE_OBJC_ARC = YES;
				"CODE_SIGN_IDENTITY[sdk=iphoneos*]" = "iPhone Developer";
				COPY_PHASE_STRIP = NO;
				GCC_C_LANGUAGE_STANDARD = gnu99;
				GCC_DYNAMIC_NO_PIC = NO;
				GCC_OPTIMIZATION_LEVEL = 0;
				GCC_PREPROCESSOR_DEFINITIONS = (
					"DEBUG=1",
					"$(inherited)",
				);
				GCC_SYMBOLS_PRIVATE_EXTERN = NO;
				GCC_VERSION = "";
				GCC_WARN_ABOUT_MISSING_PROTOTYPES = YES;
				GCC_WARN_ABOUT_RETURN_TYPE = YES;
				GCC_WARN_UNUSED_VARIABLE = YES;
				IPHONEOS_DEPLOYMENT_TARGET = 5.0;
				SDKROOT = iphoneos;
				TARGETED_DEVICE_FAMILY = "1,2";
			};
			name = Debug;
		};
		3C476D5A14DB42C600DBD043 /* Release */ = {
			isa = XCBuildConfiguration;
			buildSettings = {
				ALWAYS_SEARCH_USER_PATHS = NO;
				ARCHS = "$(ARCHS_STANDARD_32_BIT)";
				CLANG_ENABLE_OBJC_ARC = YES;
				"CODE_SIGN_IDENTITY[sdk=iphoneos*]" = "iPhone Developer";
				COPY_PHASE_STRIP = YES;
				GCC_C_LANGUAGE_STANDARD = gnu99;
				GCC_VERSION = "";
				GCC_WARN_ABOUT_MISSING_PROTOTYPES = YES;
				GCC_WARN_ABOUT_RETURN_TYPE = YES;
				GCC_WARN_UNUSED_VARIABLE = YES;
				IPHONEOS_DEPLOYMENT_TARGET = 5.0;
				OTHER_CFLAGS = "-DNS_BLOCK_ASSERTIONS=1";
				SDKROOT = iphoneos;
				TARGETED_DEVICE_FAMILY = "1,2";
				VALIDATE_PRODUCT = YES;
			};
			name = Release;
		};
		3C476D5C14DB42C600DBD043 /* Debug */ = {
			isa = XCBuildConfiguration;
			buildSettings = {
				GCC_PRECOMPILE_PREFIX_HEADER = YES;
				GCC_PREFIX_HEADER = "Hermes/Hermes-Prefix.pch";
				HEADER_SEARCH_PATHS = "\"$(SOURCE_ROOT)/RestKit/Build\"";
				INFOPLIST_FILE = "Hermes/Hermes-Info.plist";
				LIBRARY_SEARCH_PATHS = (
					"$(inherited)",
					"\"$(SRCROOT)/ZBarSDK\"",
				);
				OTHER_LDFLAGS = "-ObjC";
				PRODUCT_NAME = "$(TARGET_NAME)";
				WRAPPER_EXTENSION = app;
			};
			name = Debug;
		};
		3C476D5D14DB42C600DBD043 /* Release */ = {
			isa = XCBuildConfiguration;
			buildSettings = {
				GCC_PRECOMPILE_PREFIX_HEADER = YES;
				GCC_PREFIX_HEADER = "Hermes/Hermes-Prefix.pch";
				HEADER_SEARCH_PATHS = "\"$(SOURCE_ROOT)/RestKit/Build\"";
				INFOPLIST_FILE = "Hermes/Hermes-Info.plist";
				LIBRARY_SEARCH_PATHS = (
					"$(inherited)",
					"\"$(SRCROOT)/ZBarSDK\"",
				);
				OTHER_LDFLAGS = "-ObjC";
				PRODUCT_NAME = "$(TARGET_NAME)";
				WRAPPER_EXTENSION = app;
			};
			name = Release;
		};
		3C476D5F14DB42C600DBD043 /* Debug */ = {
			isa = XCBuildConfiguration;
			buildSettings = {
				BUNDLE_LOADER = "$(BUILT_PRODUCTS_DIR)/Hermes.app/Hermes";
				FRAMEWORK_SEARCH_PATHS = (
					"$(SDKROOT)/Developer/Library/Frameworks",
					"$(DEVELOPER_LIBRARY_DIR)/Frameworks",
				);
				GCC_PRECOMPILE_PREFIX_HEADER = YES;
				GCC_PREFIX_HEADER = "Hermes/Hermes-Prefix.pch";
				INFOPLIST_FILE = "HermesTests/HermesTests-Info.plist";
				PRODUCT_NAME = "$(TARGET_NAME)";
				TEST_HOST = "$(BUNDLE_LOADER)";
				WRAPPER_EXTENSION = octest;
			};
			name = Debug;
		};
		3C476D6014DB42C600DBD043 /* Release */ = {
			isa = XCBuildConfiguration;
			buildSettings = {
				BUNDLE_LOADER = "$(BUILT_PRODUCTS_DIR)/Hermes.app/Hermes";
				FRAMEWORK_SEARCH_PATHS = (
					"$(SDKROOT)/Developer/Library/Frameworks",
					"$(DEVELOPER_LIBRARY_DIR)/Frameworks",
				);
				GCC_PRECOMPILE_PREFIX_HEADER = YES;
				GCC_PREFIX_HEADER = "Hermes/Hermes-Prefix.pch";
				INFOPLIST_FILE = "HermesTests/HermesTests-Info.plist";
				PRODUCT_NAME = "$(TARGET_NAME)";
				TEST_HOST = "$(BUNDLE_LOADER)";
				WRAPPER_EXTENSION = octest;
			};
			name = Release;
		};
/* End XCBuildConfiguration section */

/* Begin XCConfigurationList section */
		3C476D2814DB42C500DBD043 /* Build configuration list for PBXProject "Hermes" */ = {
			isa = XCConfigurationList;
			buildConfigurations = (
				3C476D5914DB42C600DBD043 /* Debug */,
				3C476D5A14DB42C600DBD043 /* Release */,
			);
			defaultConfigurationIsVisible = 0;
			defaultConfigurationName = Release;
		};
		3C476D5B14DB42C600DBD043 /* Build configuration list for PBXNativeTarget "Hermes" */ = {
			isa = XCConfigurationList;
			buildConfigurations = (
				3C476D5C14DB42C600DBD043 /* Debug */,
				3C476D5D14DB42C600DBD043 /* Release */,
			);
			defaultConfigurationIsVisible = 0;
			defaultConfigurationName = Release;
		};
		3C476D5E14DB42C600DBD043 /* Build configuration list for PBXNativeTarget "HermesTests" */ = {
			isa = XCConfigurationList;
			buildConfigurations = (
				3C476D5F14DB42C600DBD043 /* Debug */,
				3C476D6014DB42C600DBD043 /* Release */,
			);
			defaultConfigurationIsVisible = 0;
			defaultConfigurationName = Release;
		};
/* End XCConfigurationList section */
	};
	rootObject = 3C476D2514DB42C500DBD043 /* Project object */;
}
