// !$*UTF8*$!
{
	archiveVersion = 1;
	classes = {
	};
	objectVersion = 46;
	objects = {

/* Begin PBXBuildFile section */
		3C476D3314DB42C500DBD043 /* UIKit.framework in Frameworks */ = {isa = PBXBuildFile; fileRef = 3C476D3214DB42C500DBD043 /* UIKit.framework */; };
		3C476D3514DB42C500DBD043 /* Foundation.framework in Frameworks */ = {isa = PBXBuildFile; fileRef = 3C476D3414DB42C500DBD043 /* Foundation.framework */; };
		3C476D3714DB42C500DBD043 /* CoreGraphics.framework in Frameworks */ = {isa = PBXBuildFile; fileRef = 3C476D3614DB42C500DBD043 /* CoreGraphics.framework */; };
		3C476D3D14DB42C500DBD043 /* InfoPlist.strings in Resources */ = {isa = PBXBuildFile; fileRef = 3C476D3B14DB42C500DBD043 /* InfoPlist.strings */; };
		3C476D3F14DB42C600DBD043 /* main.m in Sources */ = {isa = PBXBuildFile; fileRef = 3C476D3E14DB42C600DBD043 /* main.m */; };
		3C476D4314DB42C600DBD043 /* AppDelegate.m in Sources */ = {isa = PBXBuildFile; fileRef = 3C476D4214DB42C600DBD043 /* AppDelegate.m */; };
		3C476D4B14DB42C600DBD043 /* SenTestingKit.framework in Frameworks */ = {isa = PBXBuildFile; fileRef = 3C476D4A14DB42C600DBD043 /* SenTestingKit.framework */; };
		3C476D4C14DB42C600DBD043 /* UIKit.framework in Frameworks */ = {isa = PBXBuildFile; fileRef = 3C476D3214DB42C500DBD043 /* UIKit.framework */; };
		3C476D4D14DB42C600DBD043 /* Foundation.framework in Frameworks */ = {isa = PBXBuildFile; fileRef = 3C476D3414DB42C500DBD043 /* Foundation.framework */; };
		3C476D5514DB42C600DBD043 /* InfoPlist.strings in Resources */ = {isa = PBXBuildFile; fileRef = 3C476D5314DB42C600DBD043 /* InfoPlist.strings */; };
		3C476D5814DB42C600DBD043 /* HermesTests.m in Sources */ = {isa = PBXBuildFile; fileRef = 3C476D5714DB42C600DBD043 /* HermesTests.m */; };
		3C476D6C14DB435900DBD043 /* SEMenuItem.m in Sources */ = {isa = PBXBuildFile; fileRef = 3C476D6714DB435900DBD043 /* SEMenuItem.m */; };
		3C476D6D14DB435900DBD043 /* SESpringBoard.m in Sources */ = {isa = PBXBuildFile; fileRef = 3C476D6914DB435900DBD043 /* SESpringBoard.m */; };
		3C476D6E14DB435900DBD043 /* SEViewController.m in Sources */ = {isa = PBXBuildFile; fileRef = 3C476D6B14DB435900DBD043 /* SEViewController.m */; };
		3C476D7514DB463400DBD043 /* RootViewController.m in Sources */ = {isa = PBXBuildFile; fileRef = 3C476D7414DB463400DBD043 /* RootViewController.m */; };
		3C476D9314DB487700DBD043 /* RootViewController.xib in Resources */ = {isa = PBXBuildFile; fileRef = 3C476D9214DB487700DBD043 /* RootViewController.xib */; };
		3C476D9A14DB4D2600DBD043 /* history.png in Resources */ = {isa = PBXBuildFile; fileRef = 3C476D9614DB4D2600DBD043 /* history.png */; };
		3C476D9B14DB4D2600DBD043 /* localDeals.png in Resources */ = {isa = PBXBuildFile; fileRef = 3C476D9714DB4D2600DBD043 /* localDeals.png */; };
		3C476D9C14DB4D2600DBD043 /* pendingTransactions.png in Resources */ = {isa = PBXBuildFile; fileRef = 3C476D9814DB4D2600DBD043 /* pendingTransactions.png */; };
		3C476D9D14DB4D2600DBD043 /* sendMoney.png in Resources */ = {isa = PBXBuildFile; fileRef = 3C476D9914DB4D2600DBD043 /* sendMoney.png */; };
		3C476DA114DB508200DBD043 /* SendMoneyViewController.m in Sources */ = {isa = PBXBuildFile; fileRef = 3C476D9F14DB508100DBD043 /* SendMoneyViewController.m */; };
		3C476DA214DB508200DBD043 /* SendMoneyViewController.xib in Resources */ = {isa = PBXBuildFile; fileRef = 3C476DA014DB508100DBD043 /* SendMoneyViewController.xib */; };
		3C476DA614DB515700DBD043 /* TransactionsViewController.m in Sources */ = {isa = PBXBuildFile; fileRef = 3C476DA414DB515700DBD043 /* TransactionsViewController.m */; };
		3C476DA714DB515700DBD043 /* TransactionsViewController.xib in Resources */ = {isa = PBXBuildFile; fileRef = 3C476DA514DB515700DBD043 /* TransactionsViewController.xib */; };
		3C476DAB14DB521200DBD043 /* HistoryViewController.m in Sources */ = {isa = PBXBuildFile; fileRef = 3C476DA914DB521200DBD043 /* HistoryViewController.m */; };
		3C476DAC14DB521200DBD043 /* HistoryViewController.xib in Resources */ = {isa = PBXBuildFile; fileRef = 3C476DAA14DB521200DBD043 /* HistoryViewController.xib */; };
		3C476DB014DB524400DBD043 /* LocalViewController.m in Sources */ = {isa = PBXBuildFile; fileRef = 3C476DAE14DB524400DBD043 /* LocalViewController.m */; };
		3C476DB114DB524400DBD043 /* LocalViewController.xib in Resources */ = {isa = PBXBuildFile; fileRef = 3C476DAF14DB524400DBD043 /* LocalViewController.xib */; };
		3C70126414EC60D5004BE21D /* zbar-back.png in Resources */ = {isa = PBXBuildFile; fileRef = 3C70125F14EC60D5004BE21D /* zbar-back.png */; };
		3C70126514EC60D5004BE21D /* zbar-help.html in Resources */ = {isa = PBXBuildFile; fileRef = 3C70126014EC60D5004BE21D /* zbar-help.html */; };
		3C70126614EC60D5004BE21D /* zbar-helpicons.png in Resources */ = {isa = PBXBuildFile; fileRef = 3C70126114EC60D5004BE21D /* zbar-helpicons.png */; };
		3C70126714EC60D5004BE21D /* zbar-samples.png in Resources */ = {isa = PBXBuildFile; fileRef = 3C70126214EC60D5004BE21D /* zbar-samples.png */; };
		3C70126A14EC6100004BE21D /* AVFoundation.framework in Frameworks */ = {isa = PBXBuildFile; fileRef = 3C70126914EC6100004BE21D /* AVFoundation.framework */; settings = {ATTRIBUTES = (Required, ); }; };
		3C70126C14EC6114004BE21D /* CoreMedia.framework in Frameworks */ = {isa = PBXBuildFile; fileRef = 3C70126B14EC6114004BE21D /* CoreMedia.framework */; };
		3C70126E14EC611B004BE21D /* CoreVideo.framework in Frameworks */ = {isa = PBXBuildFile; fileRef = 3C70126D14EC611B004BE21D /* CoreVideo.framework */; };
		3C70127014EC6124004BE21D /* QuartzCore.framework in Frameworks */ = {isa = PBXBuildFile; fileRef = 3C70126F14EC6124004BE21D /* QuartzCore.framework */; };
		3C70127214EC613D004BE21D /* libiconv.dylib in Frameworks */ = {isa = PBXBuildFile; fileRef = 3C70127114EC613D004BE21D /* libiconv.dylib */; };
/* End PBXBuildFile section */

/* Begin PBXContainerItemProxy section */
		3C476D4E14DB42C600DBD043 /* PBXContainerItemProxy */ = {
			isa = PBXContainerItemProxy;
			containerPortal = 3C476D2514DB42C500DBD043 /* Project object */;
			proxyType = 1;
			remoteGlobalIDString = 3C476D2D14DB42C500DBD043;
			remoteInfo = Hermes;
		};
/* End PBXContainerItemProxy section */

/* Begin PBXFileReference section */
		3C476D2E14DB42C500DBD043 /* Hermes.app */ = {isa = PBXFileReference; explicitFileType = wrapper.application; includeInIndex = 0; path = Hermes.app; sourceTree = BUILT_PRODUCTS_DIR; };
		3C476D3214DB42C500DBD043 /* UIKit.framework */ = {isa = PBXFileReference; lastKnownFileType = wrapper.framework; name = UIKit.framework; path = System/Library/Frameworks/UIKit.framework; sourceTree = SDKROOT; };
		3C476D3414DB42C500DBD043 /* Foundation.framework */ = {isa = PBXFileReference; lastKnownFileType = wrapper.framework; name = Foundation.framework; path = System/Library/Frameworks/Foundation.framework; sourceTree = SDKROOT; };
		3C476D3614DB42C500DBD043 /* CoreGraphics.framework */ = {isa = PBXFileReference; lastKnownFileType = wrapper.framework; name = CoreGraphics.framework; path = System/Library/Frameworks/CoreGraphics.framework; sourceTree = SDKROOT; };
		3C476D3A14DB42C500DBD043 /* Hermes-Info.plist */ = {isa = PBXFileReference; lastKnownFileType = text.plist.xml; path = "Hermes-Info.plist"; sourceTree = "<group>"; };
		3C476D3C14DB42C500DBD043 /* en */ = {isa = PBXFileReference; lastKnownFileType = text.plist.strings; name = en; path = en.lproj/InfoPlist.strings; sourceTree = "<group>"; };
		3C476D3E14DB42C600DBD043 /* main.m */ = {isa = PBXFileReference; lastKnownFileType = sourcecode.c.objc; path = main.m; sourceTree = "<group>"; };
		3C476D4014DB42C600DBD043 /* Hermes-Prefix.pch */ = {isa = PBXFileReference; lastKnownFileType = sourcecode.c.h; path = "Hermes-Prefix.pch"; sourceTree = "<group>"; };
		3C476D4114DB42C600DBD043 /* AppDelegate.h */ = {isa = PBXFileReference; lastKnownFileType = sourcecode.c.h; path = AppDelegate.h; sourceTree = "<group>"; };
		3C476D4214DB42C600DBD043 /* AppDelegate.m */ = {isa = PBXFileReference; lastKnownFileType = sourcecode.c.objc; path = AppDelegate.m; sourceTree = "<group>"; };
		3C476D4914DB42C600DBD043 /* HermesTests.octest */ = {isa = PBXFileReference; explicitFileType = wrapper.cfbundle; includeInIndex = 0; path = HermesTests.octest; sourceTree = BUILT_PRODUCTS_DIR; };
		3C476D4A14DB42C600DBD043 /* SenTestingKit.framework */ = {isa = PBXFileReference; lastKnownFileType = wrapper.framework; name = SenTestingKit.framework; path = Library/Frameworks/SenTestingKit.framework; sourceTree = DEVELOPER_DIR; };
		3C476D5214DB42C600DBD043 /* HermesTests-Info.plist */ = {isa = PBXFileReference; lastKnownFileType = text.plist.xml; path = "HermesTests-Info.plist"; sourceTree = "<group>"; };
		3C476D5414DB42C600DBD043 /* en */ = {isa = PBXFileReference; lastKnownFileType = text.plist.strings; name = en; path = en.lproj/InfoPlist.strings; sourceTree = "<group>"; };
		3C476D5614DB42C600DBD043 /* HermesTests.h */ = {isa = PBXFileReference; lastKnownFileType = sourcecode.c.h; path = HermesTests.h; sourceTree = "<group>"; };
		3C476D5714DB42C600DBD043 /* HermesTests.m */ = {isa = PBXFileReference; lastKnownFileType = sourcecode.c.objc; path = HermesTests.m; sourceTree = "<group>"; };
		3C476D6614DB435900DBD043 /* SEMenuItem.h */ = {isa = PBXFileReference; fileEncoding = 4; lastKnownFileType = sourcecode.c.h; path = SEMenuItem.h; sourceTree = "<group>"; };
		3C476D6714DB435900DBD043 /* SEMenuItem.m */ = {isa = PBXFileReference; fileEncoding = 4; lastKnownFileType = sourcecode.c.objc; path = SEMenuItem.m; sourceTree = "<group>"; };
		3C476D6814DB435900DBD043 /* SESpringBoard.h */ = {isa = PBXFileReference; fileEncoding = 4; lastKnownFileType = sourcecode.c.h; path = SESpringBoard.h; sourceTree = "<group>"; };
		3C476D6914DB435900DBD043 /* SESpringBoard.m */ = {isa = PBXFileReference; fileEncoding = 4; lastKnownFileType = sourcecode.c.objc; path = SESpringBoard.m; sourceTree = "<group>"; };
		3C476D6A14DB435900DBD043 /* SEViewController.h */ = {isa = PBXFileReference; fileEncoding = 4; lastKnownFileType = sourcecode.c.h; path = SEViewController.h; sourceTree = "<group>"; };
		3C476D6B14DB435900DBD043 /* SEViewController.m */ = {isa = PBXFileReference; fileEncoding = 4; lastKnownFileType = sourcecode.c.objc; path = SEViewController.m; sourceTree = "<group>"; };
		3C476D7314DB463400DBD043 /* RootViewController.h */ = {isa = PBXFileReference; fileEncoding = 4; lastKnownFileType = sourcecode.c.h; path = RootViewController.h; sourceTree = "<group>"; };
		3C476D7414DB463400DBD043 /* RootViewController.m */ = {isa = PBXFileReference; fileEncoding = 4; lastKnownFileType = sourcecode.c.objc; path = RootViewController.m; sourceTree = "<group>"; };
		3C476D9214DB487700DBD043 /* RootViewController.xib */ = {isa = PBXFileReference; fileEncoding = 4; lastKnownFileType = file.xib; path = RootViewController.xib; sourceTree = "<group>"; };
		3C476D9614DB4D2600DBD043 /* history.png */ = {isa = PBXFileReference; lastKnownFileType = image.png; path = history.png; sourceTree = "<group>"; };
		3C476D9714DB4D2600DBD043 /* localDeals.png */ = {isa = PBXFileReference; lastKnownFileType = image.png; path = localDeals.png; sourceTree = "<group>"; };
		3C476D9814DB4D2600DBD043 /* pendingTransactions.png */ = {isa = PBXFileReference; lastKnownFileType = image.png; path = pendingTransactions.png; sourceTree = "<group>"; };
		3C476D9914DB4D2600DBD043 /* sendMoney.png */ = {isa = PBXFileReference; lastKnownFileType = image.png; path = sendMoney.png; sourceTree = "<group>"; };
		3C476D9E14DB508100DBD043 /* SendMoneyViewController.h */ = {isa = PBXFileReference; fileEncoding = 4; lastKnownFileType = sourcecode.c.h; path = SendMoneyViewController.h; sourceTree = "<group>"; };
		3C476D9F14DB508100DBD043 /* SendMoneyViewController.m */ = {isa = PBXFileReference; fileEncoding = 4; lastKnownFileType = sourcecode.c.objc; path = SendMoneyViewController.m; sourceTree = "<group>"; };
		3C476DA014DB508100DBD043 /* SendMoneyViewController.xib */ = {isa = PBXFileReference; fileEncoding = 4; lastKnownFileType = file.xib; path = SendMoneyViewController.xib; sourceTree = "<group>"; };
		3C476DA314DB515700DBD043 /* TransactionsViewController.h */ = {isa = PBXFileReference; fileEncoding = 4; lastKnownFileType = sourcecode.c.h; path = TransactionsViewController.h; sourceTree = "<group>"; };
		3C476DA414DB515700DBD043 /* TransactionsViewController.m */ = {isa = PBXFileReference; fileEncoding = 4; lastKnownFileType = sourcecode.c.objc; path = TransactionsViewController.m; sourceTree = "<group>"; };
		3C476DA514DB515700DBD043 /* TransactionsViewController.xib */ = {isa = PBXFileReference; fileEncoding = 4; lastKnownFileType = file.xib; path = TransactionsViewController.xib; sourceTree = "<group>"; };
		3C476DA814DB521200DBD043 /* HistoryViewController.h */ = {isa = PBXFileReference; fileEncoding = 4; lastKnownFileType = sourcecode.c.h; path = HistoryViewController.h; sourceTree = "<group>"; };
		3C476DA914DB521200DBD043 /* HistoryViewController.m */ = {isa = PBXFileReference; fileEncoding = 4; lastKnownFileType = sourcecode.c.objc; path = HistoryViewController.m; sourceTree = "<group>"; };
		3C476DAA14DB521200DBD043 /* HistoryViewController.xib */ = {isa = PBXFileReference; fileEncoding = 4; lastKnownFileType = file.xib; path = HistoryViewController.xib; sourceTree = "<group>"; };
		3C476DAD14DB524400DBD043 /* LocalViewController.h */ = {isa = PBXFileReference; fileEncoding = 4; lastKnownFileType = sourcecode.c.h; path = LocalViewController.h; sourceTree = "<group>"; };
		3C476DAE14DB524400DBD043 /* LocalViewController.m */ = {isa = PBXFileReference; fileEncoding = 4; lastKnownFileType = sourcecode.c.objc; path = LocalViewController.m; sourceTree = "<group>"; };
		3C476DAF14DB524400DBD043 /* LocalViewController.xib */ = {isa = PBXFileReference; fileEncoding = 4; lastKnownFileType = file.xib; path = LocalViewController.xib; sourceTree = "<group>"; };
		3C70124914EC60D5004BE21D /* Decoder.h */ = {isa = PBXFileReference; fileEncoding = 4; lastKnownFileType = sourcecode.c.h; path = Decoder.h; sourceTree = "<group>"; };
		3C70124A14EC60D5004BE21D /* Exception.h */ = {isa = PBXFileReference; fileEncoding = 4; lastKnownFileType = sourcecode.c.h; path = Exception.h; sourceTree = "<group>"; };
		3C70124B14EC60D5004BE21D /* Image.h */ = {isa = PBXFileReference; fileEncoding = 4; lastKnownFileType = sourcecode.c.h; path = Image.h; sourceTree = "<group>"; };
		3C70124C14EC60D5004BE21D /* ImageScanner.h */ = {isa = PBXFileReference; fileEncoding = 4; lastKnownFileType = sourcecode.c.h; path = ImageScanner.h; sourceTree = "<group>"; };
		3C70124D14EC60D5004BE21D /* Processor.h */ = {isa = PBXFileReference; fileEncoding = 4; lastKnownFileType = sourcecode.c.h; path = Processor.h; sourceTree = "<group>"; };
		3C70124E14EC60D5004BE21D /* Scanner.h */ = {isa = PBXFileReference; fileEncoding = 4; lastKnownFileType = sourcecode.c.h; path = Scanner.h; sourceTree = "<group>"; };
		3C70124F14EC60D5004BE21D /* Symbol.h */ = {isa = PBXFileReference; fileEncoding = 4; lastKnownFileType = sourcecode.c.h; path = Symbol.h; sourceTree = "<group>"; };
		3C70125014EC60D5004BE21D /* Video.h */ = {isa = PBXFileReference; fileEncoding = 4; lastKnownFileType = sourcecode.c.h; path = Video.h; sourceTree = "<group>"; };
		3C70125114EC60D5004BE21D /* Window.h */ = {isa = PBXFileReference; fileEncoding = 4; lastKnownFileType = sourcecode.c.h; path = Window.h; sourceTree = "<group>"; };
		3C70125214EC60D5004BE21D /* zbar.h */ = {isa = PBXFileReference; fileEncoding = 4; lastKnownFileType = sourcecode.c.h; path = zbar.h; sourceTree = "<group>"; };
		3C70125314EC60D5004BE21D /* ZBarCameraSimulator.h */ = {isa = PBXFileReference; fileEncoding = 4; lastKnownFileType = sourcecode.c.h; path = ZBarCameraSimulator.h; sourceTree = "<group>"; };
		3C70125414EC60D5004BE21D /* ZBarCaptureReader.h */ = {isa = PBXFileReference; fileEncoding = 4; lastKnownFileType = sourcecode.c.h; path = ZBarCaptureReader.h; sourceTree = "<group>"; };
		3C70125514EC60D5004BE21D /* ZBarHelpController.h */ = {isa = PBXFileReference; fileEncoding = 4; lastKnownFileType = sourcecode.c.h; path = ZBarHelpController.h; sourceTree = "<group>"; };
		3C70125614EC60D5004BE21D /* ZBarImage.h */ = {isa = PBXFileReference; fileEncoding = 4; lastKnownFileType = sourcecode.c.h; path = ZBarImage.h; sourceTree = "<group>"; };
		3C70125714EC60D5004BE21D /* ZBarImageScanner.h */ = {isa = PBXFileReference; fileEncoding = 4; lastKnownFileType = sourcecode.c.h; path = ZBarImageScanner.h; sourceTree = "<group>"; };
		3C70125814EC60D5004BE21D /* ZBarReaderController.h */ = {isa = PBXFileReference; fileEncoding = 4; lastKnownFileType = sourcecode.c.h; path = ZBarReaderController.h; sourceTree = "<group>"; };
		3C70125914EC60D5004BE21D /* ZBarReaderView.h */ = {isa = PBXFileReference; fileEncoding = 4; lastKnownFileType = sourcecode.c.h; path = ZBarReaderView.h; sourceTree = "<group>"; };
		3C70125A14EC60D5004BE21D /* ZBarReaderViewController.h */ = {isa = PBXFileReference; fileEncoding = 4; lastKnownFileType = sourcecode.c.h; path = ZBarReaderViewController.h; sourceTree = "<group>"; };
		3C70125B14EC60D5004BE21D /* ZBarSDK.h */ = {isa = PBXFileReference; fileEncoding = 4; lastKnownFileType = sourcecode.c.h; path = ZBarSDK.h; sourceTree = "<group>"; };
		3C70125C14EC60D5004BE21D /* ZBarSymbol.h */ = {isa = PBXFileReference; fileEncoding = 4; lastKnownFileType = sourcecode.c.h; path = ZBarSymbol.h; sourceTree = "<group>"; };
		3C70125D14EC60D5004BE21D /* libzbar.a */ = {isa = PBXFileReference; lastKnownFileType = archive.ar; path = libzbar.a; sourceTree = "<group>"; };
		3C70125F14EC60D5004BE21D /* zbar-back.png */ = {isa = PBXFileReference; lastKnownFileType = image.png; path = "zbar-back.png"; sourceTree = "<group>"; };
		3C70126014EC60D5004BE21D /* zbar-help.html */ = {isa = PBXFileReference; fileEncoding = 4; lastKnownFileType = text.html; path = "zbar-help.html"; sourceTree = "<group>"; };
		3C70126114EC60D5004BE21D /* zbar-helpicons.png */ = {isa = PBXFileReference; lastKnownFileType = image.png; path = "zbar-helpicons.png"; sourceTree = "<group>"; };
		3C70126214EC60D5004BE21D /* zbar-samples.png */ = {isa = PBXFileReference; lastKnownFileType = image.png; path = "zbar-samples.png"; sourceTree = "<group>"; };
		3C70126914EC6100004BE21D /* AVFoundation.framework */ = {isa = PBXFileReference; lastKnownFileType = wrapper.framework; name = AVFoundation.framework; path = System/Library/Frameworks/AVFoundation.framework; sourceTree = SDKROOT; };
		3C70126B14EC6114004BE21D /* CoreMedia.framework */ = {isa = PBXFileReference; lastKnownFileType = wrapper.framework; name = CoreMedia.framework; path = System/Library/Frameworks/CoreMedia.framework; sourceTree = SDKROOT; };
		3C70126D14EC611B004BE21D /* CoreVideo.framework */ = {isa = PBXFileReference; lastKnownFileType = wrapper.framework; name = CoreVideo.framework; path = System/Library/Frameworks/CoreVideo.framework; sourceTree = SDKROOT; };
		3C70126F14EC6124004BE21D /* QuartzCore.framework */ = {isa = PBXFileReference; lastKnownFileType = wrapper.framework; name = QuartzCore.framework; path = System/Library/Frameworks/QuartzCore.framework; sourceTree = SDKROOT; };
		3C70127114EC613D004BE21D /* libiconv.dylib */ = {isa = PBXFileReference; lastKnownFileType = "compiled.mach-o.dylib"; name = libiconv.dylib; path = usr/lib/libiconv.dylib; sourceTree = SDKROOT; };
/* End PBXFileReference section */

/* Begin PBXFrameworksBuildPhase section */
		3C476D2B14DB42C500DBD043 /* Frameworks */ = {
			isa = PBXFrameworksBuildPhase;
			buildActionMask = 2147483647;
			files = (
				3C70127214EC613D004BE21D /* libiconv.dylib in Frameworks */,
				3C70127014EC6124004BE21D /* QuartzCore.framework in Frameworks */,
				3C70126E14EC611B004BE21D /* CoreVideo.framework in Frameworks */,
				3C70126C14EC6114004BE21D /* CoreMedia.framework in Frameworks */,
				3C70126A14EC6100004BE21D /* AVFoundation.framework in Frameworks */,
				3C476D3314DB42C500DBD043 /* UIKit.framework in Frameworks */,
				3C476D3514DB42C500DBD043 /* Foundation.framework in Frameworks */,
				3C476D3714DB42C500DBD043 /* CoreGraphics.framework in Frameworks */,
			);
			runOnlyForDeploymentPostprocessing = 0;
		};
		3C476D4514DB42C600DBD043 /* Frameworks */ = {
			isa = PBXFrameworksBuildPhase;
			buildActionMask = 2147483647;
			files = (
				3C476D4B14DB42C600DBD043 /* SenTestingKit.framework in Frameworks */,
				3C476D4C14DB42C600DBD043 /* UIKit.framework in Frameworks */,
				3C476D4D14DB42C600DBD043 /* Foundation.framework in Frameworks */,
			);
			runOnlyForDeploymentPostprocessing = 0;
		};
/* End PBXFrameworksBuildPhase section */

/* Begin PBXGroup section */
		3C476D2314DB42C500DBD043 = {
			isa = PBXGroup;
			children = (
				3C70127114EC613D004BE21D /* libiconv.dylib */,
				3C70126F14EC6124004BE21D /* QuartzCore.framework */,
				3C70126D14EC611B004BE21D /* CoreVideo.framework */,
				3C70126B14EC6114004BE21D /* CoreMedia.framework */,
				3C70126914EC6100004BE21D /* AVFoundation.framework */,
				3C70124514EC60D5004BE21D /* ZBarSDK */,
				3C476D9514DB4D2600DBD043 /* Icons */,
				3C476D6514DB435900DBD043 /* SESpringBoard */,
				3C476D3814DB42C500DBD043 /* Hermes */,
				3C476D5014DB42C600DBD043 /* HermesTests */,
				3C476D3114DB42C500DBD043 /* Frameworks */,
				3C476D2F14DB42C500DBD043 /* Products */,
			);
			sourceTree = "<group>";
		};
		3C476D2F14DB42C500DBD043 /* Products */ = {
			isa = PBXGroup;
			children = (
				3C476D2E14DB42C500DBD043 /* Hermes.app */,
				3C476D4914DB42C600DBD043 /* HermesTests.octest */,
			);
			name = Products;
			sourceTree = "<group>";
		};
		3C476D3114DB42C500DBD043 /* Frameworks */ = {
			isa = PBXGroup;
			children = (
				3C476D3214DB42C500DBD043 /* UIKit.framework */,
				3C476D3414DB42C500DBD043 /* Foundation.framework */,
				3C476D3614DB42C500DBD043 /* CoreGraphics.framework */,
				3C476D4A14DB42C600DBD043 /* SenTestingKit.framework */,
			);
			name = Frameworks;
			sourceTree = "<group>";
		};
		3C476D3814DB42C500DBD043 /* Hermes */ = {
			isa = PBXGroup;
			children = (
				3C476D4114DB42C600DBD043 /* AppDelegate.h */,
				3C476D4214DB42C600DBD043 /* AppDelegate.m */,
				3C476D7314DB463400DBD043 /* RootViewController.h */,
				3C476D7414DB463400DBD043 /* RootViewController.m */,
				3C476D9214DB487700DBD043 /* RootViewController.xib */,
				3C476D9E14DB508100DBD043 /* SendMoneyViewController.h */,
				3C476D9F14DB508100DBD043 /* SendMoneyViewController.m */,
				3C476DA014DB508100DBD043 /* SendMoneyViewController.xib */,
				3C476DA314DB515700DBD043 /* TransactionsViewController.h */,
				3C476DA414DB515700DBD043 /* TransactionsViewController.m */,
				3C476DA514DB515700DBD043 /* TransactionsViewController.xib */,
				3C476DA814DB521200DBD043 /* HistoryViewController.h */,
				3C476DA914DB521200DBD043 /* HistoryViewController.m */,
				3C476DAA14DB521200DBD043 /* HistoryViewController.xib */,
				3C476DAD14DB524400DBD043 /* LocalViewController.h */,
				3C476DAE14DB524400DBD043 /* LocalViewController.m */,
				3C476DAF14DB524400DBD043 /* LocalViewController.xib */,
				3C476D3914DB42C500DBD043 /* Supporting Files */,
			);
			path = Hermes;
			sourceTree = "<group>";
		};
		3C476D3914DB42C500DBD043 /* Supporting Files */ = {
			isa = PBXGroup;
			children = (
				3C476D3A14DB42C500DBD043 /* Hermes-Info.plist */,
				3C476D3B14DB42C500DBD043 /* InfoPlist.strings */,
				3C476D3E14DB42C600DBD043 /* main.m */,
				3C476D4014DB42C600DBD043 /* Hermes-Prefix.pch */,
			);
			name = "Supporting Files";
			sourceTree = "<group>";
		};
		3C476D5014DB42C600DBD043 /* HermesTests */ = {
			isa = PBXGroup;
			children = (
				3C476D5614DB42C600DBD043 /* HermesTests.h */,
				3C476D5714DB42C600DBD043 /* HermesTests.m */,
				3C476D5114DB42C600DBD043 /* Supporting Files */,
			);
			path = HermesTests;
			sourceTree = "<group>";
		};
		3C476D5114DB42C600DBD043 /* Supporting Files */ = {
			isa = PBXGroup;
			children = (
				3C476D5214DB42C600DBD043 /* HermesTests-Info.plist */,
				3C476D5314DB42C600DBD043 /* InfoPlist.strings */,
			);
			name = "Supporting Files";
			sourceTree = "<group>";
		};
		3C476D6514DB435900DBD043 /* SESpringBoard */ = {
			isa = PBXGroup;
			children = (
				3C476D6614DB435900DBD043 /* SEMenuItem.h */,
				3C476D6714DB435900DBD043 /* SEMenuItem.m */,
				3C476D6814DB435900DBD043 /* SESpringBoard.h */,
				3C476D6914DB435900DBD043 /* SESpringBoard.m */,
				3C476D6A14DB435900DBD043 /* SEViewController.h */,
				3C476D6B14DB435900DBD043 /* SEViewController.m */,
			);
			path = SESpringBoard;
			sourceTree = "<group>";
		};
		3C476D9514DB4D2600DBD043 /* Icons */ = {
			isa = PBXGroup;
			children = (
				3C476D9614DB4D2600DBD043 /* history.png */,
				3C476D9714DB4D2600DBD043 /* localDeals.png */,
				3C476D9814DB4D2600DBD043 /* pendingTransactions.png */,
				3C476D9914DB4D2600DBD043 /* sendMoney.png */,
			);
			name = Icons;
			path = Hermes/Icons;
			sourceTree = "<group>";
		};
		3C70124514EC60D5004BE21D /* ZBarSDK */ = {
			isa = PBXGroup;
			children = (
				3C70124614EC60D5004BE21D /* Headers */,
				3C70125D14EC60D5004BE21D /* libzbar.a */,
				3C70125E14EC60D5004BE21D /* Resources */,
			);
			path = ZBarSDK;
			sourceTree = "<group>";
		};
		3C70124614EC60D5004BE21D /* Headers */ = {
			isa = PBXGroup;
			children = (
				3C70124714EC60D5004BE21D /* ZBarSDK */,
			);
			path = Headers;
			sourceTree = "<group>";
		};
		3C70124714EC60D5004BE21D /* ZBarSDK */ = {
			isa = PBXGroup;
			children = (
				3C70124814EC60D5004BE21D /* zbar */,
				3C70125214EC60D5004BE21D /* zbar.h */,
				3C70125314EC60D5004BE21D /* ZBarCameraSimulator.h */,
				3C70125414EC60D5004BE21D /* ZBarCaptureReader.h */,
				3C70125514EC60D5004BE21D /* ZBarHelpController.h */,
				3C70125614EC60D5004BE21D /* ZBarImage.h */,
				3C70125714EC60D5004BE21D /* ZBarImageScanner.h */,
				3C70125814EC60D5004BE21D /* ZBarReaderController.h */,
				3C70125914EC60D5004BE21D /* ZBarReaderView.h */,
				3C70125A14EC60D5004BE21D /* ZBarReaderViewController.h */,
				3C70125B14EC60D5004BE21D /* ZBarSDK.h */,
				3C70125C14EC60D5004BE21D /* ZBarSymbol.h */,
			);
			path = ZBarSDK;
			sourceTree = "<group>";
		};
		3C70124814EC60D5004BE21D /* zbar */ = {
			isa = PBXGroup;
			children = (
				3C70124914EC60D5004BE21D /* Decoder.h */,
				3C70124A14EC60D5004BE21D /* Exception.h */,
				3C70124B14EC60D5004BE21D /* Image.h */,
				3C70124C14EC60D5004BE21D /* ImageScanner.h */,
				3C70124D14EC60D5004BE21D /* Processor.h */,
				3C70124E14EC60D5004BE21D /* Scanner.h */,
				3C70124F14EC60D5004BE21D /* Symbol.h */,
				3C70125014EC60D5004BE21D /* Video.h */,
				3C70125114EC60D5004BE21D /* Window.h */,
			);
			path = zbar;
			sourceTree = "<group>";
		};
		3C70125E14EC60D5004BE21D /* Resources */ = {
			isa = PBXGroup;
			children = (
				3C70125F14EC60D5004BE21D /* zbar-back.png */,
				3C70126014EC60D5004BE21D /* zbar-help.html */,
				3C70126114EC60D5004BE21D /* zbar-helpicons.png */,
				3C70126214EC60D5004BE21D /* zbar-samples.png */,
			);
			path = Resources;
			sourceTree = "<group>";
		};
/* End PBXGroup section */

/* Begin PBXNativeTarget section */
		3C476D2D14DB42C500DBD043 /* Hermes */ = {
			isa = PBXNativeTarget;
			buildConfigurationList = 3C476D5B14DB42C600DBD043 /* Build configuration list for PBXNativeTarget "Hermes" */;
			buildPhases = (
				3C476D2A14DB42C500DBD043 /* Sources */,
				3C476D2B14DB42C500DBD043 /* Frameworks */,
				3C476D2C14DB42C500DBD043 /* Resources */,
			);
			buildRules = (
			);
			dependencies = (
			);
			name = Hermes;
			productName = Hermes;
			productReference = 3C476D2E14DB42C500DBD043 /* Hermes.app */;
			productType = "com.apple.product-type.application";
		};
		3C476D4814DB42C600DBD043 /* HermesTests */ = {
			isa = PBXNativeTarget;
			buildConfigurationList = 3C476D5E14DB42C600DBD043 /* Build configuration list for PBXNativeTarget "HermesTests" */;
			buildPhases = (
				3C476D4414DB42C600DBD043 /* Sources */,
				3C476D4514DB42C600DBD043 /* Frameworks */,
				3C476D4614DB42C600DBD043 /* Resources */,
				3C476D4714DB42C600DBD043 /* ShellScript */,
			);
			buildRules = (
			);
			dependencies = (
				3C476D4F14DB42C600DBD043 /* PBXTargetDependency */,
			);
			name = HermesTests;
			productName = HermesTests;
			productReference = 3C476D4914DB42C600DBD043 /* HermesTests.octest */;
			productType = "com.apple.product-type.bundle";
		};
/* End PBXNativeTarget section */

/* Begin PBXProject section */
		3C476D2514DB42C500DBD043 /* Project object */ = {
			isa = PBXProject;
			attributes = {
				LastUpgradeCheck = 0420;
				ORGANIZATIONNAME = "Northern Arizona University";
			};
			buildConfigurationList = 3C476D2814DB42C500DBD043 /* Build configuration list for PBXProject "Hermes" */;
			compatibilityVersion = "Xcode 3.2";
			developmentRegion = English;
			hasScannedForEncodings = 0;
			knownRegions = (
				en,
			);
			mainGroup = 3C476D2314DB42C500DBD043;
			productRefGroup = 3C476D2F14DB42C500DBD043 /* Products */;
			projectDirPath = "";
			projectRoot = "";
			targets = (
				3C476D2D14DB42C500DBD043 /* Hermes */,
				3C476D4814DB42C600DBD043 /* HermesTests */,
			);
		};
/* End PBXProject section */

/* Begin PBXResourcesBuildPhase section */
		3C476D2C14DB42C500DBD043 /* Resources */ = {
			isa = PBXResourcesBuildPhase;
			buildActionMask = 2147483647;
			files = (
				3C476D3D14DB42C500DBD043 /* InfoPlist.strings in Resources */,
				3C476D9314DB487700DBD043 /* RootViewController.xib in Resources */,
				3C476D9A14DB4D2600DBD043 /* history.png in Resources */,
				3C476D9B14DB4D2600DBD043 /* localDeals.png in Resources */,
				3C476D9C14DB4D2600DBD043 /* pendingTransactions.png in Resources */,
				3C476D9D14DB4D2600DBD043 /* sendMoney.png in Resources */,
				3C476DA214DB508200DBD043 /* SendMoneyViewController.xib in Resources */,
				3C476DA714DB515700DBD043 /* TransactionsViewController.xib in Resources */,
				3C476DAC14DB521200DBD043 /* HistoryViewController.xib in Resources */,
				3C476DB114DB524400DBD043 /* LocalViewController.xib in Resources */,
				3C70126414EC60D5004BE21D /* zbar-back.png in Resources */,
				3C70126514EC60D5004BE21D /* zbar-help.html in Resources */,
				3C70126614EC60D5004BE21D /* zbar-helpicons.png in Resources */,
				3C70126714EC60D5004BE21D /* zbar-samples.png in Resources */,
			);
			runOnlyForDeploymentPostprocessing = 0;
		};
		3C476D4614DB42C600DBD043 /* Resources */ = {
			isa = PBXResourcesBuildPhase;
			buildActionMask = 2147483647;
			files = (
				3C476D5514DB42C600DBD043 /* InfoPlist.strings in Resources */,
			);
			runOnlyForDeploymentPostprocessing = 0;
		};
/* End PBXResourcesBuildPhase section */

/* Begin PBXShellScriptBuildPhase section */
		3C476D4714DB42C600DBD043 /* ShellScript */ = {
			isa = PBXShellScriptBuildPhase;
			buildActionMask = 2147483647;
			files = (
			);
			inputPaths = (
			);
			outputPaths = (
			);
			runOnlyForDeploymentPostprocessing = 0;
			shellPath = /bin/sh;
			shellScript = "# Run the unit tests in this test bundle.\n\"${SYSTEM_DEVELOPER_DIR}/Tools/RunUnitTests\"\n";
		};
/* End PBXShellScriptBuildPhase section */

/* Begin PBXSourcesBuildPhase section */
		3C476D2A14DB42C500DBD043 /* Sources */ = {
			isa = PBXSourcesBuildPhase;
			buildActionMask = 2147483647;
			files = (
				3C476D3F14DB42C600DBD043 /* main.m in Sources */,
				3C476D4314DB42C600DBD043 /* AppDelegate.m in Sources */,
				3C476D6C14DB435900DBD043 /* SEMenuItem.m in Sources */,
				3C476D6D14DB435900DBD043 /* SESpringBoard.m in Sources */,
				3C476D6E14DB435900DBD043 /* SEViewController.m in Sources */,
				3C476D7514DB463400DBD043 /* RootViewController.m in Sources */,
				3C476DA114DB508200DBD043 /* SendMoneyViewController.m in Sources */,
				3C476DA614DB515700DBD043 /* TransactionsViewController.m in Sources */,
				3C476DAB14DB521200DBD043 /* HistoryViewController.m in Sources */,
				3C476DB014DB524400DBD043 /* LocalViewController.m in Sources */,
			);
			runOnlyForDeploymentPostprocessing = 0;
		};
		3C476D4414DB42C600DBD043 /* Sources */ = {
			isa = PBXSourcesBuildPhase;
			buildActionMask = 2147483647;
			files = (
				3C476D5814DB42C600DBD043 /* HermesTests.m in Sources */,
			);
			runOnlyForDeploymentPostprocessing = 0;
		};
/* End PBXSourcesBuildPhase section */

/* Begin PBXTargetDependency section */
		3C476D4F14DB42C600DBD043 /* PBXTargetDependency */ = {
			isa = PBXTargetDependency;
			target = 3C476D2D14DB42C500DBD043 /* Hermes */;
			targetProxy = 3C476D4E14DB42C600DBD043 /* PBXContainerItemProxy */;
		};
/* End PBXTargetDependency section */

/* Begin PBXVariantGroup section */
		3C476D3B14DB42C500DBD043 /* InfoPlist.strings */ = {
			isa = PBXVariantGroup;
			children = (
				3C476D3C14DB42C500DBD043 /* en */,
			);
			name = InfoPlist.strings;
			sourceTree = "<group>";
		};
		3C476D5314DB42C600DBD043 /* InfoPlist.strings */ = {
			isa = PBXVariantGroup;
			children = (
				3C476D5414DB42C600DBD043 /* en */,
			);
			name = InfoPlist.strings;
			sourceTree = "<group>";
		};
/* End PBXVariantGroup section */

/* Begin XCBuildConfiguration section */
		3C476D5914DB42C600DBD043 /* Debug */ = {
			isa = XCBuildConfiguration;
			buildSettings = {
				ALWAYS_SEARCH_USER_PATHS = NO;
				ARCHS = "$(ARCHS_STANDARD_32_BIT)";
				CLANG_ENABLE_OBJC_ARC = YES;
				"CODE_SIGN_IDENTITY[sdk=iphoneos*]" = "iPhone Developer";
				COPY_PHASE_STRIP = NO;
				GCC_C_LANGUAGE_STANDARD = gnu99;
				GCC_DYNAMIC_NO_PIC = NO;
				GCC_OPTIMIZATION_LEVEL = 0;
				GCC_PREPROCESSOR_DEFINITIONS = (
					"DEBUG=1",
					"$(inherited)",
				);
				GCC_SYMBOLS_PRIVATE_EXTERN = NO;
				GCC_VERSION = com.apple.compilers.llvm.clang.1_0;
				GCC_WARN_ABOUT_MISSING_PROTOTYPES = YES;
				GCC_WARN_ABOUT_RETURN_TYPE = YES;
				GCC_WARN_UNUSED_VARIABLE = YES;
				IPHONEOS_DEPLOYMENT_TARGET = 5.0;
				SDKROOT = iphoneos;
				TARGETED_DEVICE_FAMILY = "1,2";
			};
			name = Debug;
		};
		3C476D5A14DB42C600DBD043 /* Release */ = {
			isa = XCBuildConfiguration;
			buildSettings = {
				ALWAYS_SEARCH_USER_PATHS = NO;
				ARCHS = "$(ARCHS_STANDARD_32_BIT)";
				CLANG_ENABLE_OBJC_ARC = YES;
				"CODE_SIGN_IDENTITY[sdk=iphoneos*]" = "iPhone Developer";
				COPY_PHASE_STRIP = YES;
				GCC_C_LANGUAGE_STANDARD = gnu99;
				GCC_VERSION = com.apple.compilers.llvm.clang.1_0;
				GCC_WARN_ABOUT_MISSING_PROTOTYPES = YES;
				GCC_WARN_ABOUT_RETURN_TYPE = YES;
				GCC_WARN_UNUSED_VARIABLE = YES;
				IPHONEOS_DEPLOYMENT_TARGET = 5.0;
				OTHER_CFLAGS = "-DNS_BLOCK_ASSERTIONS=1";
				SDKROOT = iphoneos;
				TARGETED_DEVICE_FAMILY = "1,2";
				VALIDATE_PRODUCT = YES;
			};
			name = Release;
		};
		3C476D5C14DB42C600DBD043 /* Debug */ = {
			isa = XCBuildConfiguration;
			buildSettings = {
				GCC_PRECOMPILE_PREFIX_HEADER = YES;
				GCC_PREFIX_HEADER = "Hermes/Hermes-Prefix.pch";
				INFOPLIST_FILE = "Hermes/Hermes-Info.plist";
				LIBRARY_SEARCH_PATHS = (
					"$(inherited)",
					"\"$(SRCROOT)/ZBarSDK\"",
				);
				PRODUCT_NAME = "$(TARGET_NAME)";
				WRAPPER_EXTENSION = app;
			};
			name = Debug;
		};
		3C476D5D14DB42C600DBD043 /* Release */ = {
			isa = XCBuildConfiguration;
			buildSettings = {
				GCC_PRECOMPILE_PREFIX_HEADER = YES;
				GCC_PREFIX_HEADER = "Hermes/Hermes-Prefix.pch";
				INFOPLIST_FILE = "Hermes/Hermes-Info.plist";
				LIBRARY_SEARCH_PATHS = (
					"$(inherited)",
					"\"$(SRCROOT)/ZBarSDK\"",
				);
				PRODUCT_NAME = "$(TARGET_NAME)";
				WRAPPER_EXTENSION = app;
			};
			name = Release;
		};
		3C476D5F14DB42C600DBD043 /* Debug */ = {
			isa = XCBuildConfiguration;
			buildSettings = {
				BUNDLE_LOADER = "$(BUILT_PRODUCTS_DIR)/Hermes.app/Hermes";
				FRAMEWORK_SEARCH_PATHS = (
					"$(SDKROOT)/Developer/Library/Frameworks",
					"$(DEVELOPER_LIBRARY_DIR)/Frameworks",
				);
				GCC_PRECOMPILE_PREFIX_HEADER = YES;
				GCC_PREFIX_HEADER = "Hermes/Hermes-Prefix.pch";
				INFOPLIST_FILE = "HermesTests/HermesTests-Info.plist";
				PRODUCT_NAME = "$(TARGET_NAME)";
				TEST_HOST = "$(BUNDLE_LOADER)";
				WRAPPER_EXTENSION = octest;
			};
			name = Debug;
		};
		3C476D6014DB42C600DBD043 /* Release */ = {
			isa = XCBuildConfiguration;
			buildSettings = {
				BUNDLE_LOADER = "$(BUILT_PRODUCTS_DIR)/Hermes.app/Hermes";
				FRAMEWORK_SEARCH_PATHS = (
					"$(SDKROOT)/Developer/Library/Frameworks",
					"$(DEVELOPER_LIBRARY_DIR)/Frameworks",
				);
				GCC_PRECOMPILE_PREFIX_HEADER = YES;
				GCC_PREFIX_HEADER = "Hermes/Hermes-Prefix.pch";
				INFOPLIST_FILE = "HermesTests/HermesTests-Info.plist";
				PRODUCT_NAME = "$(TARGET_NAME)";
				TEST_HOST = "$(BUNDLE_LOADER)";
				WRAPPER_EXTENSION = octest;
			};
			name = Release;
		};
/* End XCBuildConfiguration section */

/* Begin XCConfigurationList section */
		3C476D2814DB42C500DBD043 /* Build configuration list for PBXProject "Hermes" */ = {
			isa = XCConfigurationList;
			buildConfigurations = (
				3C476D5914DB42C600DBD043 /* Debug */,
				3C476D5A14DB42C600DBD043 /* Release */,
			);
			defaultConfigurationIsVisible = 0;
			defaultConfigurationName = Release;
		};
		3C476D5B14DB42C600DBD043 /* Build configuration list for PBXNativeTarget "Hermes" */ = {
			isa = XCConfigurationList;
			buildConfigurations = (
				3C476D5C14DB42C600DBD043 /* Debug */,
				3C476D5D14DB42C600DBD043 /* Release */,
			);
			defaultConfigurationIsVisible = 0;
			defaultConfigurationName = Release;
		};
		3C476D5E14DB42C600DBD043 /* Build configuration list for PBXNativeTarget "HermesTests" */ = {
			isa = XCConfigurationList;
			buildConfigurations = (
				3C476D5F14DB42C600DBD043 /* Debug */,
				3C476D6014DB42C600DBD043 /* Release */,
			);
			defaultConfigurationIsVisible = 0;
			defaultConfigurationName = Release;
		};
/* End XCConfigurationList section */
	};
	rootObject = 3C476D2514DB42C500DBD043 /* Project object */;
}
